// !$*UTF8*$!
{
	archiveVersion = 1;
	classes = {
	};
	objectVersion = 46;
	objects = {

/* Begin PBXBuildFile section */
		4B19937F1D1145178ECDDA0C /* libPods.a in Frameworks */ = {isa = PBXBuildFile; fileRef = 52F4352125AD4C28BD64781E /* libPods.a */; };
		B6007E7C192134A700DF0F83 /* EXTPlayerViewController.m in Sources */ = {isa = PBXBuildFile; fileRef = B6007E7B192134A700DF0F83 /* EXTPlayerViewController.m */; };
		B6007E821921F74400DF0F83 /* Model.xcdatamodeld in Sources */ = {isa = PBXBuildFile; fileRef = B6007E811921F74400DF0F83 /* Model.xcdatamodeld */; };
		B6007E841921F7A000DF0F83 /* GSModel.xcdatamodeld in Sources */ = {isa = PBXBuildFile; fileRef = B6007E831921F7A000DF0F83 /* GSModel.xcdatamodeld */; };
		B609BB921920F226004B930E /* EXTAppDelegate.m in Sources */ = {isa = PBXBuildFile; fileRef = B609BB811920F226004B930E /* EXTAppDelegate.m */; };
		B609BB931920F226004B930E /* EXTGameViewController.m in Sources */ = {isa = PBXBuildFile; fileRef = B609BB831920F226004B930E /* EXTGameViewController.m */; };
		B609BB941920F226004B930E /* EXTHoleDataViewController.m in Sources */ = {isa = PBXBuildFile; fileRef = B609BB861920F226004B930E /* EXTHoleDataViewController.m */; };
		B609BB951920F226004B930E /* EXTHolesRootViewController.m in Sources */ = {isa = PBXBuildFile; fileRef = B609BB881920F226004B930E /* EXTHolesRootViewController.m */; };
		B609BB961920F226004B930E /* EXTHomeViewController.m in Sources */ = {isa = PBXBuildFile; fileRef = B609BB8A1920F226004B930E /* EXTHomeViewController.m */; };
		B609BB971920F226004B930E /* EXTModelController.m in Sources */ = {isa = PBXBuildFile; fileRef = B609BB8C1920F226004B930E /* EXTModelController.m */; };
		B609BB981920F226004B930E /* EXTOldGamesTableViewController.m in Sources */ = {isa = PBXBuildFile; fileRef = B609BB8E1920F226004B930E /* EXTOldGamesTableViewController.m */; };
		B609BB991920F226004B930E /* EXTPlayersViewController.m in Sources */ = {isa = PBXBuildFile; fileRef = B609BB901920F226004B930E /* EXTPlayersViewController.m */; };
		B609BB9A1920F226004B930E /* Images.xcassets in Resources */ = {isa = PBXBuildFile; fileRef = B609BB911920F226004B930E /* Images.xcassets */; };
		B609BBB11920F244004B930E /* Course.m in Sources */ = {isa = PBXBuildFile; fileRef = B609BB9C1920F244004B930E /* Course.m */; };
		B609BBB21920F244004B930E /* Game.m in Sources */ = {isa = PBXBuildFile; fileRef = B609BB9E1920F244004B930E /* Game.m */; };
		B609BBB31920F244004B930E /* Game+init.m in Sources */ = {isa = PBXBuildFile; fileRef = B609BBA01920F244004B930E /* Game+init.m */; };
		B609BBB41920F244004B930E /* Hole.m in Sources */ = {isa = PBXBuildFile; fileRef = B609BBA21920F244004B930E /* Hole.m */; };
		B609BBB51920F244004B930E /* Hole+create.m in Sources */ = {isa = PBXBuildFile; fileRef = B609BBA41920F244004B930E /* Hole+create.m */; };
		B609BBB61920F244004B930E /* Player.m in Sources */ = {isa = PBXBuildFile; fileRef = B609BBA61920F244004B930E /* Player.m */; };
		B609BBB71920F244004B930E /* Player+create.m in Sources */ = {isa = PBXBuildFile; fileRef = B609BBA81920F244004B930E /* Player+create.m */; };
		B609BBB81920F244004B930E /* PlayerGame.m in Sources */ = {isa = PBXBuildFile; fileRef = B609BBAA1920F244004B930E /* PlayerGame.m */; };
		B609BBB91920F244004B930E /* PlayerGame+addon.m in Sources */ = {isa = PBXBuildFile; fileRef = B609BBAC1920F244004B930E /* PlayerGame+addon.m */; };
		B609BBBA1920F244004B930E /* PlayerGameHole.m in Sources */ = {isa = PBXBuildFile; fileRef = B609BBAE1920F244004B930E /* PlayerGameHole.m */; };
		B609BBBB1920F244004B930E /* PlayerGameHole+form.m in Sources */ = {isa = PBXBuildFile; fileRef = B609BBB01920F244004B930E /* PlayerGameHole+form.m */; };
		B609BBC91920F265004B930E /* background.png in Resources */ = {isa = PBXBuildFile; fileRef = B609BBBC1920F265004B930E /* background.png */; };
		B609BBCA1920F265004B930E /* game@2x.png in Resources */ = {isa = PBXBuildFile; fileRef = B609BBBD1920F265004B930E /* game@2x.png */; };
		B609BBCB1920F265004B930E /* games@2x.png in Resources */ = {isa = PBXBuildFile; fileRef = B609BBBE1920F265004B930E /* games@2x.png */; };
		B609BBCC1920F265004B930E /* home.png in Resources */ = {isa = PBXBuildFile; fileRef = B609BBBF1920F265004B930E /* home.png */; };
		B609BBCD1920F265004B930E /* home@2x.png in Resources */ = {isa = PBXBuildFile; fileRef = B609BBC01920F265004B930E /* home@2x.png */; };
		B609BBCE1920F265004B930E /* icon.png in Resources */ = {isa = PBXBuildFile; fileRef = B609BBC11920F265004B930E /* icon.png */; };
		B609BBCF1920F265004B930E /* icon@2x.png in Resources */ = {isa = PBXBuildFile; fileRef = B609BBC21920F265004B930E /* icon@2x.png */; };
		B609BBD01920F265004B930E /* icon40@2x.png in Resources */ = {isa = PBXBuildFile; fileRef = B609BBC31920F265004B930E /* icon40@2x.png */; };
		B609BBD11920F265004B930E /* icon60.png in Resources */ = {isa = PBXBuildFile; fileRef = B609BBC41920F265004B930E /* icon60.png */; };
		B609BBD21920F265004B930E /* launch-568h@2x.png in Resources */ = {isa = PBXBuildFile; fileRef = B609BBC51920F265004B930E /* launch-568h@2x.png */; };
		B609BBD31920F265004B930E /* launch@2x.png in Resources */ = {isa = PBXBuildFile; fileRef = B609BBC61920F265004B930E /* launch@2x.png */; };
		B609BBD41920F265004B930E /* play@2x.png in Resources */ = {isa = PBXBuildFile; fileRef = B609BBC71920F265004B930E /* play@2x.png */; };
		B609BBD51920F265004B930E /* settings@2x.png in Resources */ = {isa = PBXBuildFile; fileRef = B609BBC81920F265004B930E /* settings@2x.png */; };
		B609BBD81920F2AD004B930E /* Main.storyboard in Resources */ = {isa = PBXBuildFile; fileRef = B609BBD61920F2AD004B930E /* Main.storyboard */; };
		B609BBDA1920F2D3004B930E /* Podfile in Resources */ = {isa = PBXBuildFile; fileRef = B609BBD91920F2D3004B930E /* Podfile */; };
		B609BBDE1920F2F0004B930E /* GolfScorer-Info.plist in Resources */ = {isa = PBXBuildFile; fileRef = B609BBDB1920F2F0004B930E /* GolfScorer-Info.plist */; };
		B609BBDF1920F2F0004B930E /* main.m in Sources */ = {isa = PBXBuildFile; fileRef = B609BBDD1920F2F0004B930E /* main.m */; };
		B609BBE21920F307004B930E /* InfoPlist.strings in Resources */ = {isa = PBXBuildFile; fileRef = B609BBE01920F307004B930E /* InfoPlist.strings */; };
		B609BBE81920F4DE004B930E /* GolfScorerTests-Info.plist in Resources */ = {isa = PBXBuildFile; fileRef = B609BBE71920F4DE004B930E /* GolfScorerTests-Info.plist */; };
		B609BBEB1920F4F3004B930E /* InfoPlist.strings in Resources */ = {isa = PBXBuildFile; fileRef = B609BBE91920F4F3004B930E /* InfoPlist.strings */; };
		B61CD5FE19182E2800E172CD /* CoreData.framework in Frameworks */ = {isa = PBXBuildFile; fileRef = B61CD5FD19182E2800E172CD /* CoreData.framework */; };
		B61CD63D1918328100E172CD /* MagicalImportFunctions.m in Sources */ = {isa = PBXBuildFile; fileRef = B61CD6031918328100E172CD /* MagicalImportFunctions.m */; };
		B61CD63E1918328100E172CD /* NSAttributeDescription+MagicalDataImport.m in Sources */ = {isa = PBXBuildFile; fileRef = B61CD6051918328100E172CD /* NSAttributeDescription+MagicalDataImport.m */; };
		B61CD63F1918328100E172CD /* NSEntityDescription+MagicalDataImport.m in Sources */ = {isa = PBXBuildFile; fileRef = B61CD6071918328100E172CD /* NSEntityDescription+MagicalDataImport.m */; };
		B61CD6401918328100E172CD /* NSNumber+MagicalDataImport.m in Sources */ = {isa = PBXBuildFile; fileRef = B61CD6091918328100E172CD /* NSNumber+MagicalDataImport.m */; };
		B61CD6411918328100E172CD /* NSObject+MagicalDataImport.m in Sources */ = {isa = PBXBuildFile; fileRef = B61CD60B1918328100E172CD /* NSObject+MagicalDataImport.m */; };
		B61CD6421918328100E172CD /* NSRelationshipDescription+MagicalDataImport.m in Sources */ = {isa = PBXBuildFile; fileRef = B61CD60D1918328100E172CD /* NSRelationshipDescription+MagicalDataImport.m */; };
		B61CD6431918328100E172CD /* NSString+MagicalDataImport.m in Sources */ = {isa = PBXBuildFile; fileRef = B61CD60F1918328100E172CD /* NSString+MagicalDataImport.m */; };
		B61CD6441918328100E172CD /* NSManagedObject+MagicalAggregation.m in Sources */ = {isa = PBXBuildFile; fileRef = B61CD6121918328100E172CD /* NSManagedObject+MagicalAggregation.m */; };
		B61CD6451918328100E172CD /* NSManagedObject+MagicalDataImport.m in Sources */ = {isa = PBXBuildFile; fileRef = B61CD6141918328100E172CD /* NSManagedObject+MagicalDataImport.m */; };
		B61CD6461918328100E172CD /* NSManagedObject+MagicalFinders.m in Sources */ = {isa = PBXBuildFile; fileRef = B61CD6161918328100E172CD /* NSManagedObject+MagicalFinders.m */; };
		B61CD6471918328100E172CD /* NSManagedObject+MagicalRecord.m in Sources */ = {isa = PBXBuildFile; fileRef = B61CD6181918328100E172CD /* NSManagedObject+MagicalRecord.m */; };
		B61CD6481918328100E172CD /* NSManagedObject+MagicalRequests.m in Sources */ = {isa = PBXBuildFile; fileRef = B61CD61A1918328100E172CD /* NSManagedObject+MagicalRequests.m */; };
		B61CD6491918328100E172CD /* NSManagedObjectContext+MagicalObserving.m in Sources */ = {isa = PBXBuildFile; fileRef = B61CD61D1918328100E172CD /* NSManagedObjectContext+MagicalObserving.m */; };
		B61CD64A1918328100E172CD /* NSManagedObjectContext+MagicalRecord.m in Sources */ = {isa = PBXBuildFile; fileRef = B61CD61F1918328100E172CD /* NSManagedObjectContext+MagicalRecord.m */; };
		B61CD64B1918328100E172CD /* NSManagedObjectContext+MagicalSaves.m in Sources */ = {isa = PBXBuildFile; fileRef = B61CD6211918328100E172CD /* NSManagedObjectContext+MagicalSaves.m */; };
		B61CD64C1918328100E172CD /* NSManagedObjectContext+MagicalThreading.m in Sources */ = {isa = PBXBuildFile; fileRef = B61CD6231918328100E172CD /* NSManagedObjectContext+MagicalThreading.m */; };
		B61CD64D1918328100E172CD /* NSManagedObjectModel+MagicalRecord.m in Sources */ = {isa = PBXBuildFile; fileRef = B61CD6251918328100E172CD /* NSManagedObjectModel+MagicalRecord.m */; };
		B61CD64E1918328100E172CD /* NSPersistentStore+MagicalRecord.m in Sources */ = {isa = PBXBuildFile; fileRef = B61CD6271918328100E172CD /* NSPersistentStore+MagicalRecord.m */; };
		B61CD64F1918328100E172CD /* NSPersistentStoreCoordinator+MagicalRecord.m in Sources */ = {isa = PBXBuildFile; fileRef = B61CD6291918328100E172CD /* NSPersistentStoreCoordinator+MagicalRecord.m */; };
		B61CD6501918328100E172CD /* MagicalRecord+Actions.m in Sources */ = {isa = PBXBuildFile; fileRef = B61CD62C1918328100E172CD /* MagicalRecord+Actions.m */; };
		B61CD6511918328100E172CD /* MagicalRecord+ErrorHandling.m in Sources */ = {isa = PBXBuildFile; fileRef = B61CD62E1918328100E172CD /* MagicalRecord+ErrorHandling.m */; };
		B61CD6521918328100E172CD /* MagicalRecord+iCloud.m in Sources */ = {isa = PBXBuildFile; fileRef = B61CD6301918328100E172CD /* MagicalRecord+iCloud.m */; };
		B61CD6531918328100E172CD /* MagicalRecord+Options.m in Sources */ = {isa = PBXBuildFile; fileRef = B61CD6321918328100E172CD /* MagicalRecord+Options.m */; };
		B61CD6541918328100E172CD /* MagicalRecord+Setup.m in Sources */ = {isa = PBXBuildFile; fileRef = B61CD6341918328100E172CD /* MagicalRecord+Setup.m */; };
		B61CD6551918328100E172CD /* MagicalRecord+ShorthandSupport.m in Sources */ = {isa = PBXBuildFile; fileRef = B61CD6361918328100E172CD /* MagicalRecord+ShorthandSupport.m */; };
		B61CD6561918328100E172CD /* MagicalRecord.m in Sources */ = {isa = PBXBuildFile; fileRef = B61CD6381918328100E172CD /* MagicalRecord.m */; };
		B62EECB8190F7D3500390F0D /* AddressBook.framework in Frameworks */ = {isa = PBXBuildFile; fileRef = B62EECB6190F7D3500390F0D /* AddressBook.framework */; };
		B62EECB9190F7D3500390F0D /* AddressBookUI.framework in Frameworks */ = {isa = PBXBuildFile; fileRef = B62EECB7190F7D3500390F0D /* AddressBookUI.framework */; };
		B68A553A190E28D90002A4CE /* Foundation.framework in Frameworks */ = {isa = PBXBuildFile; fileRef = B68A5539190E28D90002A4CE /* Foundation.framework */; };
		B68A553C190E28D90002A4CE /* CoreGraphics.framework in Frameworks */ = {isa = PBXBuildFile; fileRef = B68A553B190E28D90002A4CE /* CoreGraphics.framework */; };
		B68A553E190E28D90002A4CE /* UIKit.framework in Frameworks */ = {isa = PBXBuildFile; fileRef = B68A553D190E28D90002A4CE /* UIKit.framework */; };
		B68A555F190E28D90002A4CE /* XCTest.framework in Frameworks */ = {isa = PBXBuildFile; fileRef = B68A555E190E28D90002A4CE /* XCTest.framework */; };
		B68A5560190E28D90002A4CE /* Foundation.framework in Frameworks */ = {isa = PBXBuildFile; fileRef = B68A5539190E28D90002A4CE /* Foundation.framework */; };
		B68A5561190E28D90002A4CE /* UIKit.framework in Frameworks */ = {isa = PBXBuildFile; fileRef = B68A553D190E28D90002A4CE /* UIKit.framework */; };
/* End PBXBuildFile section */

/* Begin PBXContainerItemProxy section */
		B68A5562190E28D90002A4CE /* PBXContainerItemProxy */ = {
			isa = PBXContainerItemProxy;
			containerPortal = B68A552E190E28D90002A4CE /* Project object */;
			proxyType = 1;
			remoteGlobalIDString = B68A5535190E28D90002A4CE;
			remoteInfo = CaddieMennecy;
		};
/* End PBXContainerItemProxy section */

/* Begin PBXFileReference section */
		52F4352125AD4C28BD64781E /* libPods.a */ = {isa = PBXFileReference; explicitFileType = archive.ar; includeInIndex = 0; path = libPods.a; sourceTree = BUILT_PRODUCTS_DIR; };
		B6007E7A192134A700DF0F83 /* EXTPlayerViewController.h */ = {isa = PBXFileReference; fileEncoding = 4; lastKnownFileType = sourcecode.c.h; name = EXTPlayerViewController.h; path = GolfScorer/EXTPlayerViewController.h; sourceTree = SOURCE_ROOT; };
		B6007E7B192134A700DF0F83 /* EXTPlayerViewController.m */ = {isa = PBXFileReference; fileEncoding = 4; lastKnownFileType = sourcecode.c.objc; name = EXTPlayerViewController.m; path = GolfScorer/EXTPlayerViewController.m; sourceTree = SOURCE_ROOT; };
		B609BB801920F226004B930E /* EXTAppDelegate.h */ = {isa = PBXFileReference; fileEncoding = 4; lastKnownFileType = sourcecode.c.h; name = EXTAppDelegate.h; path = GolfScorer/EXTAppDelegate.h; sourceTree = SOURCE_ROOT; };
		B609BB811920F226004B930E /* EXTAppDelegate.m */ = {isa = PBXFileReference; fileEncoding = 4; lastKnownFileType = sourcecode.c.objc; name = EXTAppDelegate.m; path = GolfScorer/EXTAppDelegate.m; sourceTree = SOURCE_ROOT; };
		B609BB821920F226004B930E /* EXTGameViewController.h */ = {isa = PBXFileReference; fileEncoding = 4; lastKnownFileType = sourcecode.c.h; name = EXTGameViewController.h; path = GolfScorer/EXTGameViewController.h; sourceTree = SOURCE_ROOT; };
		B609BB831920F226004B930E /* EXTGameViewController.m */ = {isa = PBXFileReference; fileEncoding = 4; lastKnownFileType = sourcecode.c.objc; name = EXTGameViewController.m; path = GolfScorer/EXTGameViewController.m; sourceTree = SOURCE_ROOT; };
		B609BB841920F226004B930E /* EXTGlobal.h */ = {isa = PBXFileReference; fileEncoding = 4; lastKnownFileType = sourcecode.c.h; name = EXTGlobal.h; path = GolfScorer/EXTGlobal.h; sourceTree = SOURCE_ROOT; };
		B609BB851920F226004B930E /* EXTHoleDataViewController.h */ = {isa = PBXFileReference; fileEncoding = 4; lastKnownFileType = sourcecode.c.h; name = EXTHoleDataViewController.h; path = GolfScorer/EXTHoleDataViewController.h; sourceTree = SOURCE_ROOT; };
		B609BB861920F226004B930E /* EXTHoleDataViewController.m */ = {isa = PBXFileReference; fileEncoding = 4; lastKnownFileType = sourcecode.c.objc; name = EXTHoleDataViewController.m; path = GolfScorer/EXTHoleDataViewController.m; sourceTree = SOURCE_ROOT; };
		B609BB871920F226004B930E /* EXTHolesRootViewController.h */ = {isa = PBXFileReference; fileEncoding = 4; lastKnownFileType = sourcecode.c.h; name = EXTHolesRootViewController.h; path = GolfScorer/EXTHolesRootViewController.h; sourceTree = SOURCE_ROOT; };
		B609BB881920F226004B930E /* EXTHolesRootViewController.m */ = {isa = PBXFileReference; fileEncoding = 4; lastKnownFileType = sourcecode.c.objc; name = EXTHolesRootViewController.m; path = GolfScorer/EXTHolesRootViewController.m; sourceTree = SOURCE_ROOT; };
		B609BB891920F226004B930E /* EXTHomeViewController.h */ = {isa = PBXFileReference; fileEncoding = 4; lastKnownFileType = sourcecode.c.h; name = EXTHomeViewController.h; path = GolfScorer/EXTHomeViewController.h; sourceTree = SOURCE_ROOT; };
		B609BB8A1920F226004B930E /* EXTHomeViewController.m */ = {isa = PBXFileReference; fileEncoding = 4; lastKnownFileType = sourcecode.c.objc; name = EXTHomeViewController.m; path = GolfScorer/EXTHomeViewController.m; sourceTree = SOURCE_ROOT; };
		B609BB8B1920F226004B930E /* EXTModelController.h */ = {isa = PBXFileReference; fileEncoding = 4; lastKnownFileType = sourcecode.c.h; name = EXTModelController.h; path = GolfScorer/EXTModelController.h; sourceTree = SOURCE_ROOT; };
		B609BB8C1920F226004B930E /* EXTModelController.m */ = {isa = PBXFileReference; fileEncoding = 4; lastKnownFileType = sourcecode.c.objc; name = EXTModelController.m; path = GolfScorer/EXTModelController.m; sourceTree = SOURCE_ROOT; };
		B609BB8D1920F226004B930E /* EXTOldGamesTableViewController.h */ = {isa = PBXFileReference; fileEncoding = 4; lastKnownFileType = sourcecode.c.h; name = EXTOldGamesTableViewController.h; path = GolfScorer/EXTOldGamesTableViewController.h; sourceTree = SOURCE_ROOT; };
		B609BB8E1920F226004B930E /* EXTOldGamesTableViewController.m */ = {isa = PBXFileReference; fileEncoding = 4; lastKnownFileType = sourcecode.c.objc; name = EXTOldGamesTableViewController.m; path = GolfScorer/EXTOldGamesTableViewController.m; sourceTree = SOURCE_ROOT; };
		B609BB8F1920F226004B930E /* EXTPlayersViewController.h */ = {isa = PBXFileReference; fileEncoding = 4; lastKnownFileType = sourcecode.c.h; name = EXTPlayersViewController.h; path = GolfScorer/EXTPlayersViewController.h; sourceTree = SOURCE_ROOT; };
		B609BB901920F226004B930E /* EXTPlayersViewController.m */ = {isa = PBXFileReference; fileEncoding = 4; lastKnownFileType = sourcecode.c.objc; name = EXTPlayersViewController.m; path = GolfScorer/EXTPlayersViewController.m; sourceTree = SOURCE_ROOT; };
		B609BB911920F226004B930E /* Images.xcassets */ = {isa = PBXFileReference; lastKnownFileType = folder.assetcatalog; name = Images.xcassets; path = GolfScorer/Images.xcassets; sourceTree = SOURCE_ROOT; };
		B609BB9B1920F244004B930E /* Course.h */ = {isa = PBXFileReference; fileEncoding = 4; lastKnownFileType = sourcecode.c.h; name = Course.h; path = GolfScorer/Course.h; sourceTree = SOURCE_ROOT; };
		B609BB9C1920F244004B930E /* Course.m */ = {isa = PBXFileReference; fileEncoding = 4; lastKnownFileType = sourcecode.c.objc; name = Course.m; path = GolfScorer/Course.m; sourceTree = SOURCE_ROOT; };
		B609BB9D1920F244004B930E /* Game.h */ = {isa = PBXFileReference; fileEncoding = 4; lastKnownFileType = sourcecode.c.h; name = Game.h; path = GolfScorer/Game.h; sourceTree = SOURCE_ROOT; };
		B609BB9E1920F244004B930E /* Game.m */ = {isa = PBXFileReference; fileEncoding = 4; lastKnownFileType = sourcecode.c.objc; name = Game.m; path = GolfScorer/Game.m; sourceTree = SOURCE_ROOT; };
		B609BB9F1920F244004B930E /* Game+init.h */ = {isa = PBXFileReference; fileEncoding = 4; lastKnownFileType = sourcecode.c.h; name = "Game+init.h"; path = "GolfScorer/Game+init.h"; sourceTree = SOURCE_ROOT; };
		B609BBA01920F244004B930E /* Game+init.m */ = {isa = PBXFileReference; fileEncoding = 4; lastKnownFileType = sourcecode.c.objc; name = "Game+init.m"; path = "GolfScorer/Game+init.m"; sourceTree = SOURCE_ROOT; };
		B609BBA11920F244004B930E /* Hole.h */ = {isa = PBXFileReference; fileEncoding = 4; lastKnownFileType = sourcecode.c.h; name = Hole.h; path = GolfScorer/Hole.h; sourceTree = SOURCE_ROOT; };
		B609BBA21920F244004B930E /* Hole.m */ = {isa = PBXFileReference; fileEncoding = 4; lastKnownFileType = sourcecode.c.objc; name = Hole.m; path = GolfScorer/Hole.m; sourceTree = SOURCE_ROOT; };
		B609BBA31920F244004B930E /* Hole+create.h */ = {isa = PBXFileReference; fileEncoding = 4; lastKnownFileType = sourcecode.c.h; name = "Hole+create.h"; path = "GolfScorer/Hole+create.h"; sourceTree = SOURCE_ROOT; };
		B609BBA41920F244004B930E /* Hole+create.m */ = {isa = PBXFileReference; fileEncoding = 4; lastKnownFileType = sourcecode.c.objc; name = "Hole+create.m"; path = "GolfScorer/Hole+create.m"; sourceTree = SOURCE_ROOT; };
		B609BBA51920F244004B930E /* Player.h */ = {isa = PBXFileReference; fileEncoding = 4; lastKnownFileType = sourcecode.c.h; name = Player.h; path = GolfScorer/Player.h; sourceTree = SOURCE_ROOT; };
		B609BBA61920F244004B930E /* Player.m */ = {isa = PBXFileReference; fileEncoding = 4; lastKnownFileType = sourcecode.c.objc; name = Player.m; path = GolfScorer/Player.m; sourceTree = SOURCE_ROOT; };
		B609BBA71920F244004B930E /* Player+create.h */ = {isa = PBXFileReference; fileEncoding = 4; lastKnownFileType = sourcecode.c.h; name = "Player+create.h"; path = "GolfScorer/Player+create.h"; sourceTree = SOURCE_ROOT; };
		B609BBA81920F244004B930E /* Player+create.m */ = {isa = PBXFileReference; fileEncoding = 4; lastKnownFileType = sourcecode.c.objc; name = "Player+create.m"; path = "GolfScorer/Player+create.m"; sourceTree = SOURCE_ROOT; };
		B609BBA91920F244004B930E /* PlayerGame.h */ = {isa = PBXFileReference; fileEncoding = 4; lastKnownFileType = sourcecode.c.h; name = PlayerGame.h; path = GolfScorer/PlayerGame.h; sourceTree = SOURCE_ROOT; };
		B609BBAA1920F244004B930E /* PlayerGame.m */ = {isa = PBXFileReference; fileEncoding = 4; lastKnownFileType = sourcecode.c.objc; name = PlayerGame.m; path = GolfScorer/PlayerGame.m; sourceTree = SOURCE_ROOT; };
		B609BBAB1920F244004B930E /* PlayerGame+addon.h */ = {isa = PBXFileReference; fileEncoding = 4; lastKnownFileType = sourcecode.c.h; name = "PlayerGame+addon.h"; path = "GolfScorer/PlayerGame+addon.h"; sourceTree = SOURCE_ROOT; };
		B609BBAC1920F244004B930E /* PlayerGame+addon.m */ = {isa = PBXFileReference; fileEncoding = 4; lastKnownFileType = sourcecode.c.objc; name = "PlayerGame+addon.m"; path = "GolfScorer/PlayerGame+addon.m"; sourceTree = SOURCE_ROOT; };
		B609BBAD1920F244004B930E /* PlayerGameHole.h */ = {isa = PBXFileReference; fileEncoding = 4; lastKnownFileType = sourcecode.c.h; name = PlayerGameHole.h; path = GolfScorer/PlayerGameHole.h; sourceTree = SOURCE_ROOT; };
		B609BBAE1920F244004B930E /* PlayerGameHole.m */ = {isa = PBXFileReference; fileEncoding = 4; lastKnownFileType = sourcecode.c.objc; name = PlayerGameHole.m; path = GolfScorer/PlayerGameHole.m; sourceTree = SOURCE_ROOT; };
		B609BBAF1920F244004B930E /* PlayerGameHole+form.h */ = {isa = PBXFileReference; fileEncoding = 4; lastKnownFileType = sourcecode.c.h; name = "PlayerGameHole+form.h"; path = "GolfScorer/PlayerGameHole+form.h"; sourceTree = SOURCE_ROOT; };
		B609BBB01920F244004B930E /* PlayerGameHole+form.m */ = {isa = PBXFileReference; fileEncoding = 4; lastKnownFileType = sourcecode.c.objc; name = "PlayerGameHole+form.m"; path = "GolfScorer/PlayerGameHole+form.m"; sourceTree = SOURCE_ROOT; };
		B609BBBC1920F265004B930E /* background.png */ = {isa = PBXFileReference; lastKnownFileType = image.png; name = background.png; path = GolfScorer/images/background.png; sourceTree = "<group>"; };
		B609BBBD1920F265004B930E /* game@2x.png */ = {isa = PBXFileReference; lastKnownFileType = image.png; name = "game@2x.png"; path = "GolfScorer/images/game@2x.png"; sourceTree = "<group>"; };
		B609BBBE1920F265004B930E /* games@2x.png */ = {isa = PBXFileReference; lastKnownFileType = image.png; name = "games@2x.png"; path = "GolfScorer/images/games@2x.png"; sourceTree = "<group>"; };
		B609BBBF1920F265004B930E /* home.png */ = {isa = PBXFileReference; lastKnownFileType = image.png; name = home.png; path = GolfScorer/images/home.png; sourceTree = "<group>"; };
		B609BBC01920F265004B930E /* home@2x.png */ = {isa = PBXFileReference; lastKnownFileType = image.png; name = "home@2x.png"; path = "GolfScorer/images/home@2x.png"; sourceTree = "<group>"; };
		B609BBC11920F265004B930E /* icon.png */ = {isa = PBXFileReference; lastKnownFileType = image.png; name = icon.png; path = GolfScorer/images/icon.png; sourceTree = "<group>"; };
		B609BBC21920F265004B930E /* icon@2x.png */ = {isa = PBXFileReference; lastKnownFileType = image.png; name = "icon@2x.png"; path = "GolfScorer/images/icon@2x.png"; sourceTree = "<group>"; };
		B609BBC31920F265004B930E /* icon40@2x.png */ = {isa = PBXFileReference; lastKnownFileType = image.png; name = "icon40@2x.png"; path = "GolfScorer/images/icon40@2x.png"; sourceTree = "<group>"; };
		B609BBC41920F265004B930E /* icon60.png */ = {isa = PBXFileReference; lastKnownFileType = image.png; name = icon60.png; path = GolfScorer/images/icon60.png; sourceTree = "<group>"; };
		B609BBC51920F265004B930E /* launch-568h@2x.png */ = {isa = PBXFileReference; lastKnownFileType = image.png; name = "launch-568h@2x.png"; path = "GolfScorer/images/launch-568h@2x.png"; sourceTree = "<group>"; };
		B609BBC61920F265004B930E /* launch@2x.png */ = {isa = PBXFileReference; lastKnownFileType = image.png; name = "launch@2x.png"; path = "GolfScorer/images/launch@2x.png"; sourceTree = "<group>"; };
		B609BBC71920F265004B930E /* play@2x.png */ = {isa = PBXFileReference; lastKnownFileType = image.png; name = "play@2x.png"; path = "GolfScorer/images/play@2x.png"; sourceTree = "<group>"; };
		B609BBC81920F265004B930E /* settings@2x.png */ = {isa = PBXFileReference; lastKnownFileType = image.png; name = "settings@2x.png"; path = "GolfScorer/images/settings@2x.png"; sourceTree = "<group>"; };
		B609BBD71920F2AD004B930E /* Base */ = {isa = PBXFileReference; lastKnownFileType = file.storyboard; name = Base; path = GolfScorer/Base.lproj/Main.storyboard; sourceTree = SOURCE_ROOT; };
		B609BBD91920F2D3004B930E /* Podfile */ = {isa = PBXFileReference; fileEncoding = 4; lastKnownFileType = text; path = Podfile; sourceTree = SOURCE_ROOT; };
		B609BBDB1920F2F0004B930E /* GolfScorer-Info.plist */ = {isa = PBXFileReference; fileEncoding = 4; lastKnownFileType = text.plist.xml; name = "GolfScorer-Info.plist"; path = "GolfScorer/GolfScorer-Info.plist"; sourceTree = SOURCE_ROOT; };
		B609BBDC1920F2F0004B930E /* GolfScorer-Prefix.pch */ = {isa = PBXFileReference; fileEncoding = 4; lastKnownFileType = sourcecode.c.h; name = "GolfScorer-Prefix.pch"; path = "GolfScorer/GolfScorer-Prefix.pch"; sourceTree = SOURCE_ROOT; };
		B609BBDD1920F2F0004B930E /* main.m */ = {isa = PBXFileReference; fileEncoding = 4; lastKnownFileType = sourcecode.c.objc; name = main.m; path = GolfScorer/main.m; sourceTree = SOURCE_ROOT; };
		B609BBE11920F307004B930E /* en */ = {isa = PBXFileReference; lastKnownFileType = text.plist.strings; name = en; path = GolfScorer/en.lproj/InfoPlist.strings; sourceTree = SOURCE_ROOT; };
		B609BBE71920F4DE004B930E /* GolfScorerTests-Info.plist */ = {isa = PBXFileReference; fileEncoding = 4; lastKnownFileType = text.plist.xml; name = "GolfScorerTests-Info.plist"; path = "GolfScorerTests/GolfScorerTests-Info.plist"; sourceTree = SOURCE_ROOT; };
		B609BBEA1920F4F3004B930E /* en */ = {isa = PBXFileReference; lastKnownFileType = text.plist.strings; name = en; path = GolfScorerTests/en.lproj/InfoPlist.strings; sourceTree = SOURCE_ROOT; };
		B61CD5FD19182E2800E172CD /* CoreData.framework */ = {isa = PBXFileReference; lastKnownFileType = wrapper.framework; name = CoreData.framework; path = System/Library/Frameworks/CoreData.framework; sourceTree = SDKROOT; };
		B61CD6021918328100E172CD /* MagicalImportFunctions.h */ = {isa = PBXFileReference; fileEncoding = 4; lastKnownFileType = sourcecode.c.h; path = MagicalImportFunctions.h; sourceTree = "<group>"; };
		B61CD6031918328100E172CD /* MagicalImportFunctions.m */ = {isa = PBXFileReference; fileEncoding = 4; lastKnownFileType = sourcecode.c.objc; path = MagicalImportFunctions.m; sourceTree = "<group>"; };
		B61CD6041918328100E172CD /* NSAttributeDescription+MagicalDataImport.h */ = {isa = PBXFileReference; fileEncoding = 4; lastKnownFileType = sourcecode.c.h; path = "NSAttributeDescription+MagicalDataImport.h"; sourceTree = "<group>"; };
		B61CD6051918328100E172CD /* NSAttributeDescription+MagicalDataImport.m */ = {isa = PBXFileReference; fileEncoding = 4; lastKnownFileType = sourcecode.c.objc; path = "NSAttributeDescription+MagicalDataImport.m"; sourceTree = "<group>"; };
		B61CD6061918328100E172CD /* NSEntityDescription+MagicalDataImport.h */ = {isa = PBXFileReference; fileEncoding = 4; lastKnownFileType = sourcecode.c.h; path = "NSEntityDescription+MagicalDataImport.h"; sourceTree = "<group>"; };
		B61CD6071918328100E172CD /* NSEntityDescription+MagicalDataImport.m */ = {isa = PBXFileReference; fileEncoding = 4; lastKnownFileType = sourcecode.c.objc; path = "NSEntityDescription+MagicalDataImport.m"; sourceTree = "<group>"; };
		B61CD6081918328100E172CD /* NSNumber+MagicalDataImport.h */ = {isa = PBXFileReference; fileEncoding = 4; lastKnownFileType = sourcecode.c.h; path = "NSNumber+MagicalDataImport.h"; sourceTree = "<group>"; };
		B61CD6091918328100E172CD /* NSNumber+MagicalDataImport.m */ = {isa = PBXFileReference; fileEncoding = 4; lastKnownFileType = sourcecode.c.objc; path = "NSNumber+MagicalDataImport.m"; sourceTree = "<group>"; };
		B61CD60A1918328100E172CD /* NSObject+MagicalDataImport.h */ = {isa = PBXFileReference; fileEncoding = 4; lastKnownFileType = sourcecode.c.h; path = "NSObject+MagicalDataImport.h"; sourceTree = "<group>"; };
		B61CD60B1918328100E172CD /* NSObject+MagicalDataImport.m */ = {isa = PBXFileReference; fileEncoding = 4; lastKnownFileType = sourcecode.c.objc; path = "NSObject+MagicalDataImport.m"; sourceTree = "<group>"; };
		B61CD60C1918328100E172CD /* NSRelationshipDescription+MagicalDataImport.h */ = {isa = PBXFileReference; fileEncoding = 4; lastKnownFileType = sourcecode.c.h; path = "NSRelationshipDescription+MagicalDataImport.h"; sourceTree = "<group>"; };
		B61CD60D1918328100E172CD /* NSRelationshipDescription+MagicalDataImport.m */ = {isa = PBXFileReference; fileEncoding = 4; lastKnownFileType = sourcecode.c.objc; path = "NSRelationshipDescription+MagicalDataImport.m"; sourceTree = "<group>"; };
		B61CD60E1918328100E172CD /* NSString+MagicalDataImport.h */ = {isa = PBXFileReference; fileEncoding = 4; lastKnownFileType = sourcecode.c.h; path = "NSString+MagicalDataImport.h"; sourceTree = "<group>"; };
		B61CD60F1918328100E172CD /* NSString+MagicalDataImport.m */ = {isa = PBXFileReference; fileEncoding = 4; lastKnownFileType = sourcecode.c.objc; path = "NSString+MagicalDataImport.m"; sourceTree = "<group>"; };
		B61CD6111918328100E172CD /* NSManagedObject+MagicalAggregation.h */ = {isa = PBXFileReference; fileEncoding = 4; lastKnownFileType = sourcecode.c.h; path = "NSManagedObject+MagicalAggregation.h"; sourceTree = "<group>"; };
		B61CD6121918328100E172CD /* NSManagedObject+MagicalAggregation.m */ = {isa = PBXFileReference; fileEncoding = 4; lastKnownFileType = sourcecode.c.objc; path = "NSManagedObject+MagicalAggregation.m"; sourceTree = "<group>"; };
		B61CD6131918328100E172CD /* NSManagedObject+MagicalDataImport.h */ = {isa = PBXFileReference; fileEncoding = 4; lastKnownFileType = sourcecode.c.h; path = "NSManagedObject+MagicalDataImport.h"; sourceTree = "<group>"; };
		B61CD6141918328100E172CD /* NSManagedObject+MagicalDataImport.m */ = {isa = PBXFileReference; fileEncoding = 4; lastKnownFileType = sourcecode.c.objc; path = "NSManagedObject+MagicalDataImport.m"; sourceTree = "<group>"; };
		B61CD6151918328100E172CD /* NSManagedObject+MagicalFinders.h */ = {isa = PBXFileReference; fileEncoding = 4; lastKnownFileType = sourcecode.c.h; path = "NSManagedObject+MagicalFinders.h"; sourceTree = "<group>"; };
		B61CD6161918328100E172CD /* NSManagedObject+MagicalFinders.m */ = {isa = PBXFileReference; fileEncoding = 4; lastKnownFileType = sourcecode.c.objc; path = "NSManagedObject+MagicalFinders.m"; sourceTree = "<group>"; };
		B61CD6171918328100E172CD /* NSManagedObject+MagicalRecord.h */ = {isa = PBXFileReference; fileEncoding = 4; lastKnownFileType = sourcecode.c.h; path = "NSManagedObject+MagicalRecord.h"; sourceTree = "<group>"; };
		B61CD6181918328100E172CD /* NSManagedObject+MagicalRecord.m */ = {isa = PBXFileReference; fileEncoding = 4; lastKnownFileType = sourcecode.c.objc; path = "NSManagedObject+MagicalRecord.m"; sourceTree = "<group>"; };
		B61CD6191918328100E172CD /* NSManagedObject+MagicalRequests.h */ = {isa = PBXFileReference; fileEncoding = 4; lastKnownFileType = sourcecode.c.h; path = "NSManagedObject+MagicalRequests.h"; sourceTree = "<group>"; };
		B61CD61A1918328100E172CD /* NSManagedObject+MagicalRequests.m */ = {isa = PBXFileReference; fileEncoding = 4; lastKnownFileType = sourcecode.c.objc; path = "NSManagedObject+MagicalRequests.m"; sourceTree = "<group>"; };
		B61CD61C1918328100E172CD /* NSManagedObjectContext+MagicalObserving.h */ = {isa = PBXFileReference; fileEncoding = 4; lastKnownFileType = sourcecode.c.h; path = "NSManagedObjectContext+MagicalObserving.h"; sourceTree = "<group>"; };
		B61CD61D1918328100E172CD /* NSManagedObjectContext+MagicalObserving.m */ = {isa = PBXFileReference; fileEncoding = 4; lastKnownFileType = sourcecode.c.objc; path = "NSManagedObjectContext+MagicalObserving.m"; sourceTree = "<group>"; };
		B61CD61E1918328100E172CD /* NSManagedObjectContext+MagicalRecord.h */ = {isa = PBXFileReference; fileEncoding = 4; lastKnownFileType = sourcecode.c.h; path = "NSManagedObjectContext+MagicalRecord.h"; sourceTree = "<group>"; };
		B61CD61F1918328100E172CD /* NSManagedObjectContext+MagicalRecord.m */ = {isa = PBXFileReference; fileEncoding = 4; lastKnownFileType = sourcecode.c.objc; path = "NSManagedObjectContext+MagicalRecord.m"; sourceTree = "<group>"; };
		B61CD6201918328100E172CD /* NSManagedObjectContext+MagicalSaves.h */ = {isa = PBXFileReference; fileEncoding = 4; lastKnownFileType = sourcecode.c.h; path = "NSManagedObjectContext+MagicalSaves.h"; sourceTree = "<group>"; };
		B61CD6211918328100E172CD /* NSManagedObjectContext+MagicalSaves.m */ = {isa = PBXFileReference; fileEncoding = 4; lastKnownFileType = sourcecode.c.objc; path = "NSManagedObjectContext+MagicalSaves.m"; sourceTree = "<group>"; };
		B61CD6221918328100E172CD /* NSManagedObjectContext+MagicalThreading.h */ = {isa = PBXFileReference; fileEncoding = 4; lastKnownFileType = sourcecode.c.h; path = "NSManagedObjectContext+MagicalThreading.h"; sourceTree = "<group>"; };
		B61CD6231918328100E172CD /* NSManagedObjectContext+MagicalThreading.m */ = {isa = PBXFileReference; fileEncoding = 4; lastKnownFileType = sourcecode.c.objc; path = "NSManagedObjectContext+MagicalThreading.m"; sourceTree = "<group>"; };
		B61CD6241918328100E172CD /* NSManagedObjectModel+MagicalRecord.h */ = {isa = PBXFileReference; fileEncoding = 4; lastKnownFileType = sourcecode.c.h; path = "NSManagedObjectModel+MagicalRecord.h"; sourceTree = "<group>"; };
		B61CD6251918328100E172CD /* NSManagedObjectModel+MagicalRecord.m */ = {isa = PBXFileReference; fileEncoding = 4; lastKnownFileType = sourcecode.c.objc; path = "NSManagedObjectModel+MagicalRecord.m"; sourceTree = "<group>"; };
		B61CD6261918328100E172CD /* NSPersistentStore+MagicalRecord.h */ = {isa = PBXFileReference; fileEncoding = 4; lastKnownFileType = sourcecode.c.h; path = "NSPersistentStore+MagicalRecord.h"; sourceTree = "<group>"; };
		B61CD6271918328100E172CD /* NSPersistentStore+MagicalRecord.m */ = {isa = PBXFileReference; fileEncoding = 4; lastKnownFileType = sourcecode.c.objc; path = "NSPersistentStore+MagicalRecord.m"; sourceTree = "<group>"; };
		B61CD6281918328100E172CD /* NSPersistentStoreCoordinator+MagicalRecord.h */ = {isa = PBXFileReference; fileEncoding = 4; lastKnownFileType = sourcecode.c.h; path = "NSPersistentStoreCoordinator+MagicalRecord.h"; sourceTree = "<group>"; };
		B61CD6291918328100E172CD /* NSPersistentStoreCoordinator+MagicalRecord.m */ = {isa = PBXFileReference; fileEncoding = 4; lastKnownFileType = sourcecode.c.objc; path = "NSPersistentStoreCoordinator+MagicalRecord.m"; sourceTree = "<group>"; };
		B61CD62B1918328100E172CD /* MagicalRecord+Actions.h */ = {isa = PBXFileReference; fileEncoding = 4; lastKnownFileType = sourcecode.c.h; path = "MagicalRecord+Actions.h"; sourceTree = "<group>"; };
		B61CD62C1918328100E172CD /* MagicalRecord+Actions.m */ = {isa = PBXFileReference; fileEncoding = 4; lastKnownFileType = sourcecode.c.objc; path = "MagicalRecord+Actions.m"; sourceTree = "<group>"; };
		B61CD62D1918328100E172CD /* MagicalRecord+ErrorHandling.h */ = {isa = PBXFileReference; fileEncoding = 4; lastKnownFileType = sourcecode.c.h; path = "MagicalRecord+ErrorHandling.h"; sourceTree = "<group>"; };
		B61CD62E1918328100E172CD /* MagicalRecord+ErrorHandling.m */ = {isa = PBXFileReference; fileEncoding = 4; lastKnownFileType = sourcecode.c.objc; path = "MagicalRecord+ErrorHandling.m"; sourceTree = "<group>"; };
		B61CD62F1918328100E172CD /* MagicalRecord+iCloud.h */ = {isa = PBXFileReference; fileEncoding = 4; lastKnownFileType = sourcecode.c.h; path = "MagicalRecord+iCloud.h"; sourceTree = "<group>"; };
		B61CD6301918328100E172CD /* MagicalRecord+iCloud.m */ = {isa = PBXFileReference; fileEncoding = 4; lastKnownFileType = sourcecode.c.objc; path = "MagicalRecord+iCloud.m"; sourceTree = "<group>"; };
		B61CD6311918328100E172CD /* MagicalRecord+Options.h */ = {isa = PBXFileReference; fileEncoding = 4; lastKnownFileType = sourcecode.c.h; path = "MagicalRecord+Options.h"; sourceTree = "<group>"; };
		B61CD6321918328100E172CD /* MagicalRecord+Options.m */ = {isa = PBXFileReference; fileEncoding = 4; lastKnownFileType = sourcecode.c.objc; path = "MagicalRecord+Options.m"; sourceTree = "<group>"; };
		B61CD6331918328100E172CD /* MagicalRecord+Setup.h */ = {isa = PBXFileReference; fileEncoding = 4; lastKnownFileType = sourcecode.c.h; path = "MagicalRecord+Setup.h"; sourceTree = "<group>"; };
		B61CD6341918328100E172CD /* MagicalRecord+Setup.m */ = {isa = PBXFileReference; fileEncoding = 4; lastKnownFileType = sourcecode.c.objc; path = "MagicalRecord+Setup.m"; sourceTree = "<group>"; };
		B61CD6351918328100E172CD /* MagicalRecord+ShorthandSupport.h */ = {isa = PBXFileReference; fileEncoding = 4; lastKnownFileType = sourcecode.c.h; path = "MagicalRecord+ShorthandSupport.h"; sourceTree = "<group>"; };
		B61CD6361918328100E172CD /* MagicalRecord+ShorthandSupport.m */ = {isa = PBXFileReference; fileEncoding = 4; lastKnownFileType = sourcecode.c.objc; path = "MagicalRecord+ShorthandSupport.m"; sourceTree = "<group>"; };
		B61CD6371918328100E172CD /* MagicalRecord.h */ = {isa = PBXFileReference; fileEncoding = 4; lastKnownFileType = sourcecode.c.h; path = MagicalRecord.h; sourceTree = "<group>"; };
		B61CD6381918328100E172CD /* MagicalRecord.m */ = {isa = PBXFileReference; fileEncoding = 4; lastKnownFileType = sourcecode.c.objc; path = MagicalRecord.m; sourceTree = "<group>"; };
		B61CD6391918328100E172CD /* MagicalRecordDeprecated.h */ = {isa = PBXFileReference; fileEncoding = 4; lastKnownFileType = sourcecode.c.h; path = MagicalRecordDeprecated.h; sourceTree = "<group>"; };
		B61CD63A1918328100E172CD /* MagicalRecordLogging.h */ = {isa = PBXFileReference; fileEncoding = 4; lastKnownFileType = sourcecode.c.h; path = MagicalRecordLogging.h; sourceTree = "<group>"; };
		B61CD63B1918328100E172CD /* MagicalRecordShorthand.h */ = {isa = PBXFileReference; fileEncoding = 4; lastKnownFileType = sourcecode.c.h; path = MagicalRecordShorthand.h; sourceTree = "<group>"; };
		B61CD63C1918328100E172CD /* CoreData+MagicalRecord.h */ = {isa = PBXFileReference; fileEncoding = 4; lastKnownFileType = sourcecode.c.h; path = "CoreData+MagicalRecord.h"; sourceTree = "<group>"; };
		B62EECB6190F7D3500390F0D /* AddressBook.framework */ = {isa = PBXFileReference; lastKnownFileType = wrapper.framework; name = AddressBook.framework; path = System/Library/Frameworks/AddressBook.framework; sourceTree = SDKROOT; };
		B62EECB7190F7D3500390F0D /* AddressBookUI.framework */ = {isa = PBXFileReference; lastKnownFileType = wrapper.framework; name = AddressBookUI.framework; path = System/Library/Frameworks/AddressBookUI.framework; sourceTree = SDKROOT; };
		B68A5536190E28D90002A4CE /* GolfScorer.app */ = {isa = PBXFileReference; explicitFileType = wrapper.application; includeInIndex = 0; path = GolfScorer.app; sourceTree = BUILT_PRODUCTS_DIR; };
		B68A5539190E28D90002A4CE /* Foundation.framework */ = {isa = PBXFileReference; lastKnownFileType = wrapper.framework; name = Foundation.framework; path = System/Library/Frameworks/Foundation.framework; sourceTree = SDKROOT; };
		B68A553B190E28D90002A4CE /* CoreGraphics.framework */ = {isa = PBXFileReference; lastKnownFileType = wrapper.framework; name = CoreGraphics.framework; path = System/Library/Frameworks/CoreGraphics.framework; sourceTree = SDKROOT; };
		B68A553D190E28D90002A4CE /* UIKit.framework */ = {isa = PBXFileReference; lastKnownFileType = wrapper.framework; name = UIKit.framework; path = System/Library/Frameworks/UIKit.framework; sourceTree = SDKROOT; };
		B68A555D190E28D90002A4CE /* GolfScorerTests.xctest */ = {isa = PBXFileReference; explicitFileType = wrapper.cfbundle; includeInIndex = 0; path = GolfScorerTests.xctest; sourceTree = BUILT_PRODUCTS_DIR; };
		B68A555E190E28D90002A4CE /* XCTest.framework */ = {isa = PBXFileReference; lastKnownFileType = wrapper.framework; name = XCTest.framework; path = Library/Frameworks/XCTest.framework; sourceTree = DEVELOPER_DIR; };
		BD3FD21268864AE7AA7CD4A3 /* Pods.xcconfig */ = {isa = PBXFileReference; includeInIndex = 1; lastKnownFileType = text.xcconfig; name = Pods.xcconfig; path = Pods/Pods.xcconfig; sourceTree = "<group>"; };
/* End PBXFileReference section */

/* Begin PBXFrameworksBuildPhase section */
		B68A5533190E28D90002A4CE /* Frameworks */ = {
			isa = PBXFrameworksBuildPhase;
			buildActionMask = 2147483647;
			files = (
				B61CD5FE19182E2800E172CD /* CoreData.framework in Frameworks */,
				B62EECB8190F7D3500390F0D /* AddressBook.framework in Frameworks */,
				B62EECB9190F7D3500390F0D /* AddressBookUI.framework in Frameworks */,
				B68A553C190E28D90002A4CE /* CoreGraphics.framework in Frameworks */,
				B68A553E190E28D90002A4CE /* UIKit.framework in Frameworks */,
				B68A553A190E28D90002A4CE /* Foundation.framework in Frameworks */,
				4B19937F1D1145178ECDDA0C /* libPods.a in Frameworks */,
			);
			runOnlyForDeploymentPostprocessing = 0;
		};
		B68A555A190E28D90002A4CE /* Frameworks */ = {
			isa = PBXFrameworksBuildPhase;
			buildActionMask = 2147483647;
			files = (
				B68A555F190E28D90002A4CE /* XCTest.framework in Frameworks */,
				B68A5561190E28D90002A4CE /* UIKit.framework in Frameworks */,
				B68A5560190E28D90002A4CE /* Foundation.framework in Frameworks */,
			);
			runOnlyForDeploymentPostprocessing = 0;
		};
/* End PBXFrameworksBuildPhase section */

/* Begin PBXGroup section */
		B61CD5FF1918328100E172CD /* MagicalRecord */ = {
			isa = PBXGroup;
			children = (
				B61CD6001918328100E172CD /* Categories */,
				B61CD62A1918328100E172CD /* Core */,
				B61CD63C1918328100E172CD /* CoreData+MagicalRecord.h */,
			);
			name = MagicalRecord;
			path = ../MagicalRecord/MagicalRecord;
			sourceTree = "<group>";
		};
		B61CD6001918328100E172CD /* Categories */ = {
			isa = PBXGroup;
			children = (
				B61CD6011918328100E172CD /* DataImport */,
				B61CD6101918328100E172CD /* NSManagedObject */,
				B61CD61B1918328100E172CD /* NSManagedObjectContext */,
				B61CD6241918328100E172CD /* NSManagedObjectModel+MagicalRecord.h */,
				B61CD6251918328100E172CD /* NSManagedObjectModel+MagicalRecord.m */,
				B61CD6261918328100E172CD /* NSPersistentStore+MagicalRecord.h */,
				B61CD6271918328100E172CD /* NSPersistentStore+MagicalRecord.m */,
				B61CD6281918328100E172CD /* NSPersistentStoreCoordinator+MagicalRecord.h */,
				B61CD6291918328100E172CD /* NSPersistentStoreCoordinator+MagicalRecord.m */,
			);
			path = Categories;
			sourceTree = "<group>";
		};
		B61CD6011918328100E172CD /* DataImport */ = {
			isa = PBXGroup;
			children = (
				B61CD6021918328100E172CD /* MagicalImportFunctions.h */,
				B61CD6031918328100E172CD /* MagicalImportFunctions.m */,
				B61CD6041918328100E172CD /* NSAttributeDescription+MagicalDataImport.h */,
				B61CD6051918328100E172CD /* NSAttributeDescription+MagicalDataImport.m */,
				B61CD6061918328100E172CD /* NSEntityDescription+MagicalDataImport.h */,
				B61CD6071918328100E172CD /* NSEntityDescription+MagicalDataImport.m */,
				B61CD6081918328100E172CD /* NSNumber+MagicalDataImport.h */,
				B61CD6091918328100E172CD /* NSNumber+MagicalDataImport.m */,
				B61CD60A1918328100E172CD /* NSObject+MagicalDataImport.h */,
				B61CD60B1918328100E172CD /* NSObject+MagicalDataImport.m */,
				B61CD60C1918328100E172CD /* NSRelationshipDescription+MagicalDataImport.h */,
				B61CD60D1918328100E172CD /* NSRelationshipDescription+MagicalDataImport.m */,
				B61CD60E1918328100E172CD /* NSString+MagicalDataImport.h */,
				B61CD60F1918328100E172CD /* NSString+MagicalDataImport.m */,
			);
			path = DataImport;
			sourceTree = "<group>";
		};
		B61CD6101918328100E172CD /* NSManagedObject */ = {
			isa = PBXGroup;
			children = (
				B61CD6111918328100E172CD /* NSManagedObject+MagicalAggregation.h */,
				B61CD6121918328100E172CD /* NSManagedObject+MagicalAggregation.m */,
				B61CD6131918328100E172CD /* NSManagedObject+MagicalDataImport.h */,
				B61CD6141918328100E172CD /* NSManagedObject+MagicalDataImport.m */,
				B61CD6151918328100E172CD /* NSManagedObject+MagicalFinders.h */,
				B61CD6161918328100E172CD /* NSManagedObject+MagicalFinders.m */,
				B61CD6171918328100E172CD /* NSManagedObject+MagicalRecord.h */,
				B61CD6181918328100E172CD /* NSManagedObject+MagicalRecord.m */,
				B61CD6191918328100E172CD /* NSManagedObject+MagicalRequests.h */,
				B61CD61A1918328100E172CD /* NSManagedObject+MagicalRequests.m */,
			);
			path = NSManagedObject;
			sourceTree = "<group>";
		};
		B61CD61B1918328100E172CD /* NSManagedObjectContext */ = {
			isa = PBXGroup;
			children = (
				B61CD61C1918328100E172CD /* NSManagedObjectContext+MagicalObserving.h */,
				B61CD61D1918328100E172CD /* NSManagedObjectContext+MagicalObserving.m */,
				B61CD61E1918328100E172CD /* NSManagedObjectContext+MagicalRecord.h */,
				B61CD61F1918328100E172CD /* NSManagedObjectContext+MagicalRecord.m */,
				B61CD6201918328100E172CD /* NSManagedObjectContext+MagicalSaves.h */,
				B61CD6211918328100E172CD /* NSManagedObjectContext+MagicalSaves.m */,
				B61CD6221918328100E172CD /* NSManagedObjectContext+MagicalThreading.h */,
				B61CD6231918328100E172CD /* NSManagedObjectContext+MagicalThreading.m */,
			);
			path = NSManagedObjectContext;
			sourceTree = "<group>";
		};
		B61CD62A1918328100E172CD /* Core */ = {
			isa = PBXGroup;
			children = (
				B61CD62B1918328100E172CD /* MagicalRecord+Actions.h */,
				B61CD62C1918328100E172CD /* MagicalRecord+Actions.m */,
				B61CD62D1918328100E172CD /* MagicalRecord+ErrorHandling.h */,
				B61CD62E1918328100E172CD /* MagicalRecord+ErrorHandling.m */,
				B61CD62F1918328100E172CD /* MagicalRecord+iCloud.h */,
				B61CD6301918328100E172CD /* MagicalRecord+iCloud.m */,
				B61CD6311918328100E172CD /* MagicalRecord+Options.h */,
				B61CD6321918328100E172CD /* MagicalRecord+Options.m */,
				B61CD6331918328100E172CD /* MagicalRecord+Setup.h */,
				B61CD6341918328100E172CD /* MagicalRecord+Setup.m */,
				B61CD6351918328100E172CD /* MagicalRecord+ShorthandSupport.h */,
				B61CD6361918328100E172CD /* MagicalRecord+ShorthandSupport.m */,
				B61CD6371918328100E172CD /* MagicalRecord.h */,
				B61CD6381918328100E172CD /* MagicalRecord.m */,
				B61CD6391918328100E172CD /* MagicalRecordDeprecated.h */,
				B61CD63A1918328100E172CD /* MagicalRecordLogging.h */,
				B61CD63B1918328100E172CD /* MagicalRecordShorthand.h */,
			);
			path = Core;
			sourceTree = "<group>";
		};
		B61CD7AD191E90CC00E172CD /* Images */ = {
			isa = PBXGroup;
			children = (
				B609BBBC1920F265004B930E /* background.png */,
				B609BBBD1920F265004B930E /* game@2x.png */,
				B609BBBE1920F265004B930E /* games@2x.png */,
				B609BBBF1920F265004B930E /* home.png */,
				B609BBC01920F265004B930E /* home@2x.png */,
				B609BBC11920F265004B930E /* icon.png */,
				B609BBC21920F265004B930E /* icon@2x.png */,
				B609BBC31920F265004B930E /* icon40@2x.png */,
				B609BBC41920F265004B930E /* icon60.png */,
				B609BBC51920F265004B930E /* launch-568h@2x.png */,
				B609BBC61920F265004B930E /* launch@2x.png */,
				B609BBC71920F265004B930E /* play@2x.png */,
				B609BBC81920F265004B930E /* settings@2x.png */,
			);
			name = Images;
			sourceTree = "<group>";
		};
		B63926A61914070800AC48D0 /* Model */ = {
			isa = PBXGroup;
			children = (
				B609BB9B1920F244004B930E /* Course.h */,
				B609BB9C1920F244004B930E /* Course.m */,
				B609BB9D1920F244004B930E /* Game.h */,
				B609BB9E1920F244004B930E /* Game.m */,
				B609BB9F1920F244004B930E /* Game+init.h */,
				B609BBA01920F244004B930E /* Game+init.m */,
				B609BBA11920F244004B930E /* Hole.h */,
				B609BBA21920F244004B930E /* Hole.m */,
				B609BBA31920F244004B930E /* Hole+create.h */,
				B609BBA41920F244004B930E /* Hole+create.m */,
				B609BBA51920F244004B930E /* Player.h */,
				B609BBA61920F244004B930E /* Player.m */,
				B609BBA71920F244004B930E /* Player+create.h */,
				B609BBA81920F244004B930E /* Player+create.m */,
				B609BBA91920F244004B930E /* PlayerGame.h */,
				B609BBAA1920F244004B930E /* PlayerGame.m */,
				B609BBAB1920F244004B930E /* PlayerGame+addon.h */,
				B609BBAC1920F244004B930E /* PlayerGame+addon.m */,
				B609BBAD1920F244004B930E /* PlayerGameHole.h */,
				B609BBAE1920F244004B930E /* PlayerGameHole.m */,
				B609BBAF1920F244004B930E /* PlayerGameHole+form.h */,
				B609BBB01920F244004B930E /* PlayerGameHole+form.m */,
				B6007E811921F74400DF0F83 /* Model.xcdatamodeld */,
				B6007E831921F7A000DF0F83 /* GSModel.xcdatamodeld */,
			);
			name = Model;
			sourceTree = "<group>";
		};
		B68A552D190E28D90002A4CE = {
			isa = PBXGroup;
			children = (
				B61CD7AD191E90CC00E172CD /* Images */,
				B61CD5FF1918328100E172CD /* MagicalRecord */,
				B68A553F190E28D90002A4CE /* GolfScorer */,
				B68A5564190E28D90002A4CE /* GolfScorerTests */,
				B68A5538190E28D90002A4CE /* Frameworks */,
				B68A5537190E28D90002A4CE /* Products */,
				BD3FD21268864AE7AA7CD4A3 /* Pods.xcconfig */,
			);
			sourceTree = "<group>";
		};
		B68A5537190E28D90002A4CE /* Products */ = {
			isa = PBXGroup;
			children = (
				B68A5536190E28D90002A4CE /* GolfScorer.app */,
				B68A555D190E28D90002A4CE /* GolfScorerTests.xctest */,
			);
			name = Products;
			sourceTree = "<group>";
		};
		B68A5538190E28D90002A4CE /* Frameworks */ = {
			isa = PBXGroup;
			children = (
				B61CD5FD19182E2800E172CD /* CoreData.framework */,
				B62EECB6190F7D3500390F0D /* AddressBook.framework */,
				B62EECB7190F7D3500390F0D /* AddressBookUI.framework */,
				B68A5539190E28D90002A4CE /* Foundation.framework */,
				B68A553B190E28D90002A4CE /* CoreGraphics.framework */,
				B68A553D190E28D90002A4CE /* UIKit.framework */,
				B68A555E190E28D90002A4CE /* XCTest.framework */,
				52F4352125AD4C28BD64781E /* libPods.a */,
			);
			name = Frameworks;
			sourceTree = "<group>";
		};
		B68A553F190E28D90002A4CE /* GolfScorer */ = {
			isa = PBXGroup;
			children = (
				B609BBD61920F2AD004B930E /* Main.storyboard */,
				B609BB841920F226004B930E /* EXTGlobal.h */,
				B609BB801920F226004B930E /* EXTAppDelegate.h */,
				B609BB811920F226004B930E /* EXTAppDelegate.m */,
				B609BB891920F226004B930E /* EXTHomeViewController.h */,
				B609BB8A1920F226004B930E /* EXTHomeViewController.m */,
				B609BB8D1920F226004B930E /* EXTOldGamesTableViewController.h */,
				B609BB8E1920F226004B930E /* EXTOldGamesTableViewController.m */,
				B609BB821920F226004B930E /* EXTGameViewController.h */,
				B609BB831920F226004B930E /* EXTGameViewController.m */,
				B609BB8F1920F226004B930E /* EXTPlayersViewController.h */,
				B609BB901920F226004B930E /* EXTPlayersViewController.m */,
				B6007E7A192134A700DF0F83 /* EXTPlayerViewController.h */,
				B6007E7B192134A700DF0F83 /* EXTPlayerViewController.m */,
				B609BB871920F226004B930E /* EXTHolesRootViewController.h */,
				B609BB881920F226004B930E /* EXTHolesRootViewController.m */,
				B609BB8B1920F226004B930E /* EXTModelController.h */,
				B609BB8C1920F226004B930E /* EXTModelController.m */,
				B609BB851920F226004B930E /* EXTHoleDataViewController.h */,
				B609BB861920F226004B930E /* EXTHoleDataViewController.m */,
				B609BB911920F226004B930E /* Images.xcassets */,
				B63926A61914070800AC48D0 /* Model */,
				B68A5540190E28D90002A4CE /* Supporting Files */,
			);
			name = GolfScorer;
			path = CaddieMennecy;
			sourceTree = "<group>";
		};
		B68A5540190E28D90002A4CE /* Supporting Files */ = {
			isa = PBXGroup;
			children = (
				B609BBE01920F307004B930E /* InfoPlist.strings */,
				B609BBDB1920F2F0004B930E /* GolfScorer-Info.plist */,
				B609BBDC1920F2F0004B930E /* GolfScorer-Prefix.pch */,
				B609BBDD1920F2F0004B930E /* main.m */,
				B609BBD91920F2D3004B930E /* Podfile */,
			);
			name = "Supporting Files";
			sourceTree = "<group>";
		};
		B68A5564190E28D90002A4CE /* GolfScorerTests */ = {
			isa = PBXGroup;
			children = (
				B68A5565190E28D90002A4CE /* Supporting Files */,
			);
			name = GolfScorerTests;
			path = CaddieMennecyTests;
			sourceTree = "<group>";
		};
		B68A5565190E28D90002A4CE /* Supporting Files */ = {
			isa = PBXGroup;
			children = (
				B609BBE91920F4F3004B930E /* InfoPlist.strings */,
				B609BBE71920F4DE004B930E /* GolfScorerTests-Info.plist */,
			);
			name = "Supporting Files";
			sourceTree = "<group>";
		};
/* End PBXGroup section */

/* Begin PBXNativeTarget section */
		B68A5535190E28D90002A4CE /* GolfScorer */ = {
			isa = PBXNativeTarget;
			buildConfigurationList = B68A556E190E28D90002A4CE /* Build configuration list for PBXNativeTarget "GolfScorer" */;
			buildPhases = (
				B68A5532190E28D90002A4CE /* Sources */,
				B68A5533190E28D90002A4CE /* Frameworks */,
				B68A5534190E28D90002A4CE /* Resources */,
				0F16F54F9CC24FDEA33C4A74 /* Copy Pods Resources */,
			);
			buildRules = (
			);
			dependencies = (
			);
			name = GolfScorer;
			productName = CaddieMennecy;
			productReference = B68A5536190E28D90002A4CE /* GolfScorer.app */;
			productType = "com.apple.product-type.application";
		};
		B68A555C190E28D90002A4CE /* GolfScorerTests */ = {
			isa = PBXNativeTarget;
			buildConfigurationList = B68A5571190E28D90002A4CE /* Build configuration list for PBXNativeTarget "GolfScorerTests" */;
			buildPhases = (
				B68A5559190E28D90002A4CE /* Sources */,
				B68A555A190E28D90002A4CE /* Frameworks */,
				B68A555B190E28D90002A4CE /* Resources */,
			);
			buildRules = (
			);
			dependencies = (
				B68A5563190E28D90002A4CE /* PBXTargetDependency */,
			);
			name = GolfScorerTests;
			productName = CaddieMennecyTests;
			productReference = B68A555D190E28D90002A4CE /* GolfScorerTests.xctest */;
			productType = "com.apple.product-type.bundle.unit-test";
		};
/* End PBXNativeTarget section */

/* Begin PBXProject section */
		B68A552E190E28D90002A4CE /* Project object */ = {
			isa = PBXProject;
			attributes = {
				CLASSPREFIX = EXT;
				LastUpgradeCheck = 0510;
				ORGANIZATIONNAME = "Frédéric Leroy";
				TargetAttributes = {
					B68A5535190E28D90002A4CE = {
						DevelopmentTeam = 3CX4H4KREM;
					};
				};
			};
			buildConfigurationList = B68A5531190E28D90002A4CE /* Build configuration list for PBXProject "GolfScorer" */;
			compatibilityVersion = "Xcode 3.2";
			developmentRegion = English;
			hasScannedForEncodings = 0;
			knownRegions = (
				en,
				Base,
			);
			mainGroup = B68A552D190E28D90002A4CE;
			productRefGroup = B68A5537190E28D90002A4CE /* Products */;
			projectDirPath = "";
			projectRoot = "";
			targets = (
				B68A5535190E28D90002A4CE /* GolfScorer */,
				B68A555C190E28D90002A4CE /* GolfScorerTests */,
			);
		};
/* End PBXProject section */

/* Begin PBXResourcesBuildPhase section */
		B68A5534190E28D90002A4CE /* Resources */ = {
			isa = PBXResourcesBuildPhase;
			buildActionMask = 2147483647;
			files = (
				B609BBD51920F265004B930E /* settings@2x.png in Resources */,
				B609BBCB1920F265004B930E /* games@2x.png in Resources */,
				B609BBE81920F4DE004B930E /* GolfScorerTests-Info.plist in Resources */,
				B609BBCC1920F265004B930E /* home.png in Resources */,
				B609BBD31920F265004B930E /* launch@2x.png in Resources */,
				B609BBCD1920F265004B930E /* home@2x.png in Resources */,
				B609BB9A1920F226004B930E /* Images.xcassets in Resources */,
				B609BBDA1920F2D3004B930E /* Podfile in Resources */,
				B609BBE21920F307004B930E /* InfoPlist.strings in Resources */,
				B609BBEB1920F4F3004B930E /* InfoPlist.strings in Resources */,
				B609BBD81920F2AD004B930E /* Main.storyboard in Resources */,
				B609BBD01920F265004B930E /* icon40@2x.png in Resources */,
				B609BBC91920F265004B930E /* background.png in Resources */,
				B609BBD11920F265004B930E /* icon60.png in Resources */,
				B609BBD41920F265004B930E /* play@2x.png in Resources */,
				B609BBCE1920F265004B930E /* icon.png in Resources */,
				B609BBCA1920F265004B930E /* game@2x.png in Resources */,
				B609BBDE1920F2F0004B930E /* GolfScorer-Info.plist in Resources */,
				B609BBD21920F265004B930E /* launch-568h@2x.png in Resources */,
				B609BBCF1920F265004B930E /* icon@2x.png in Resources */,
			);
			runOnlyForDeploymentPostprocessing = 0;
		};
		B68A555B190E28D90002A4CE /* Resources */ = {
			isa = PBXResourcesBuildPhase;
			buildActionMask = 2147483647;
			files = (
			);
			runOnlyForDeploymentPostprocessing = 0;
		};
/* End PBXResourcesBuildPhase section */

/* Begin PBXShellScriptBuildPhase section */
		0F16F54F9CC24FDEA33C4A74 /* Copy Pods Resources */ = {
			isa = PBXShellScriptBuildPhase;
			buildActionMask = 2147483647;
			files = (
			);
			inputPaths = (
			);
			name = "Copy Pods Resources";
			outputPaths = (
			);
			runOnlyForDeploymentPostprocessing = 0;
			shellPath = /bin/sh;
			shellScript = "\"${SRCROOT}/Pods/Pods-resources.sh\"\n";
			showEnvVarsInLog = 0;
		};
/* End PBXShellScriptBuildPhase section */

/* Begin PBXSourcesBuildPhase section */
		B68A5532190E28D90002A4CE /* Sources */ = {
			isa = PBXSourcesBuildPhase;
			buildActionMask = 2147483647;
			files = (
				B61CD6521918328100E172CD /* MagicalRecord+iCloud.m in Sources */,
				B6007E7C192134A700DF0F83 /* EXTPlayerViewController.m in Sources */,
				B61CD6421918328100E172CD /* NSRelationshipDescription+MagicalDataImport.m in Sources */,
				B61CD64B1918328100E172CD /* NSManagedObjectContext+MagicalSaves.m in Sources */,
				B609BBB91920F244004B930E /* PlayerGame+addon.m in Sources */,
				B61CD64D1918328100E172CD /* NSManagedObjectModel+MagicalRecord.m in Sources */,
				B61CD64C1918328100E172CD /* NSManagedObjectContext+MagicalThreading.m in Sources */,
				B61CD6471918328100E172CD /* NSManagedObject+MagicalRecord.m in Sources */,
				B61CD6431918328100E172CD /* NSString+MagicalDataImport.m in Sources */,
				B61CD6411918328100E172CD /* NSObject+MagicalDataImport.m in Sources */,
				B61CD63D1918328100E172CD /* MagicalImportFunctions.m in Sources */,
				B6007E821921F74400DF0F83 /* Model.xcdatamodeld in Sources */,
				B61CD6531918328100E172CD /* MagicalRecord+Options.m in Sources */,
				B61CD64F1918328100E172CD /* NSPersistentStoreCoordinator+MagicalRecord.m in Sources */,
				B609BB981920F226004B930E /* EXTOldGamesTableViewController.m in Sources */,
				B609BBBA1920F244004B930E /* PlayerGameHole.m in Sources */,
				B61CD6541918328100E172CD /* MagicalRecord+Setup.m in Sources */,
				B609BBB61920F244004B930E /* Player.m in Sources */,
				B61CD6451918328100E172CD /* NSManagedObject+MagicalDataImport.m in Sources */,
				B61CD6491918328100E172CD /* NSManagedObjectContext+MagicalObserving.m in Sources */,
				B609BBB71920F244004B930E /* Player+create.m in Sources */,
				B609BB921920F226004B930E /* EXTAppDelegate.m in Sources */,
				B609BBB11920F244004B930E /* Course.m in Sources */,
				B609BB971920F226004B930E /* EXTModelController.m in Sources */,
				B609BBDF1920F2F0004B930E /* main.m in Sources */,
				B609BBBB1920F244004B930E /* PlayerGameHole+form.m in Sources */,
				B61CD6401918328100E172CD /* NSNumber+MagicalDataImport.m in Sources */,
				B61CD6461918328100E172CD /* NSManagedObject+MagicalFinders.m in Sources */,
				B609BB931920F226004B930E /* EXTGameViewController.m in Sources */,
				B61CD6551918328100E172CD /* MagicalRecord+ShorthandSupport.m in Sources */,
				B61CD64A1918328100E172CD /* NSManagedObjectContext+MagicalRecord.m in Sources */,
				B609BBB31920F244004B930E /* Game+init.m in Sources */,
				B61CD63E1918328100E172CD /* NSAttributeDescription+MagicalDataImport.m in Sources */,
				B609BBB51920F244004B930E /* Hole+create.m in Sources */,
				B6007E841921F7A000DF0F83 /* GSModel.xcdatamodeld in Sources */,
				B61CD64E1918328100E172CD /* NSPersistentStore+MagicalRecord.m in Sources */,
				B609BB941920F226004B930E /* EXTHoleDataViewController.m in Sources */,
				B61CD6561918328100E172CD /* MagicalRecord.m in Sources */,
				B61CD6511918328100E172CD /* MagicalRecord+ErrorHandling.m in Sources */,
				B61CD6501918328100E172CD /* MagicalRecord+Actions.m in Sources */,
				B609BB961920F226004B930E /* EXTHomeViewController.m in Sources */,
				B609BB951920F226004B930E /* EXTHolesRootViewController.m in Sources */,
				B609BB991920F226004B930E /* EXTPlayersViewController.m in Sources */,
				B609BBB81920F244004B930E /* PlayerGame.m in Sources */,
				B61CD6481918328100E172CD /* NSManagedObject+MagicalRequests.m in Sources */,
				B609BBB21920F244004B930E /* Game.m in Sources */,
				B61CD6441918328100E172CD /* NSManagedObject+MagicalAggregation.m in Sources */,
				B609BBB41920F244004B930E /* Hole.m in Sources */,
				B61CD63F1918328100E172CD /* NSEntityDescription+MagicalDataImport.m in Sources */,
			);
			runOnlyForDeploymentPostprocessing = 0;
		};
		B68A5559190E28D90002A4CE /* Sources */ = {
			isa = PBXSourcesBuildPhase;
			buildActionMask = 2147483647;
			files = (
			);
			runOnlyForDeploymentPostprocessing = 0;
		};
/* End PBXSourcesBuildPhase section */

/* Begin PBXTargetDependency section */
		B68A5563190E28D90002A4CE /* PBXTargetDependency */ = {
			isa = PBXTargetDependency;
			target = B68A5535190E28D90002A4CE /* GolfScorer */;
			targetProxy = B68A5562190E28D90002A4CE /* PBXContainerItemProxy */;
		};
/* End PBXTargetDependency section */

/* Begin PBXVariantGroup section */
		B609BBD61920F2AD004B930E /* Main.storyboard */ = {
			isa = PBXVariantGroup;
			children = (
				B609BBD71920F2AD004B930E /* Base */,
			);
			name = Main.storyboard;
			sourceTree = "<group>";
		};
		B609BBE01920F307004B930E /* InfoPlist.strings */ = {
			isa = PBXVariantGroup;
			children = (
				B609BBE11920F307004B930E /* en */,
			);
			name = InfoPlist.strings;
			sourceTree = "<group>";
		};
		B609BBE91920F4F3004B930E /* InfoPlist.strings */ = {
			isa = PBXVariantGroup;
			children = (
				B609BBEA1920F4F3004B930E /* en */,
			);
			name = InfoPlist.strings;
			sourceTree = "<group>";
		};
/* End PBXVariantGroup section */

/* Begin XCBuildConfiguration section */
		B68A556C190E28D90002A4CE /* Debug */ = {
			isa = XCBuildConfiguration;
			baseConfigurationReference = BD3FD21268864AE7AA7CD4A3 /* Pods.xcconfig */;
			buildSettings = {
				ALWAYS_SEARCH_USER_PATHS = NO;
				CLANG_CXX_LANGUAGE_STANDARD = "gnu++0x";
				CLANG_CXX_LIBRARY = "libc++";
				CLANG_ENABLE_MODULES = YES;
				CLANG_ENABLE_OBJC_ARC = YES;
				CLANG_WARN_BOOL_CONVERSION = YES;
				CLANG_WARN_CONSTANT_CONVERSION = YES;
				CLANG_WARN_DIRECT_OBJC_ISA_USAGE = YES_ERROR;
				CLANG_WARN_EMPTY_BODY = YES;
				CLANG_WARN_ENUM_CONVERSION = YES;
				CLANG_WARN_INT_CONVERSION = YES;
				CLANG_WARN_OBJC_ROOT_CLASS = YES_ERROR;
				CLANG_WARN__DUPLICATE_METHOD_MATCH = YES;
				"CODE_SIGN_IDENTITY[sdk=iphoneos*]" = "iPhone Developer";
				COPY_PHASE_STRIP = NO;
				GCC_C_LANGUAGE_STANDARD = gnu99;
				GCC_DYNAMIC_NO_PIC = NO;
				GCC_OPTIMIZATION_LEVEL = 0;
				GCC_PREPROCESSOR_DEFINITIONS = (
					"DEBUG=1",
					"$(inherited)",
				);
				GCC_SYMBOLS_PRIVATE_EXTERN = NO;
				GCC_WARN_64_TO_32_BIT_CONVERSION = YES;
				GCC_WARN_ABOUT_RETURN_TYPE = YES_ERROR;
				GCC_WARN_UNDECLARED_SELECTOR = YES;
				GCC_WARN_UNINITIALIZED_AUTOS = YES_AGGRESSIVE;
				GCC_WARN_UNUSED_FUNCTION = YES;
				GCC_WARN_UNUSED_VARIABLE = YES;
				IPHONEOS_DEPLOYMENT_TARGET = 7.1;
				ONLY_ACTIVE_ARCH = YES;
				SDKROOT = iphoneos;
			};
			name = Debug;
		};
		B68A556D190E28D90002A4CE /* Release */ = {
			isa = XCBuildConfiguration;
			baseConfigurationReference = BD3FD21268864AE7AA7CD4A3 /* Pods.xcconfig */;
			buildSettings = {
				ALWAYS_SEARCH_USER_PATHS = NO;
				CLANG_CXX_LANGUAGE_STANDARD = "gnu++0x";
				CLANG_CXX_LIBRARY = "libc++";
				CLANG_ENABLE_MODULES = YES;
				CLANG_ENABLE_OBJC_ARC = YES;
				CLANG_WARN_BOOL_CONVERSION = YES;
				CLANG_WARN_CONSTANT_CONVERSION = YES;
				CLANG_WARN_DIRECT_OBJC_ISA_USAGE = YES_ERROR;
				CLANG_WARN_EMPTY_BODY = YES;
				CLANG_WARN_ENUM_CONVERSION = YES;
				CLANG_WARN_INT_CONVERSION = YES;
				CLANG_WARN_OBJC_ROOT_CLASS = YES_ERROR;
				CLANG_WARN__DUPLICATE_METHOD_MATCH = YES;
				"CODE_SIGN_IDENTITY[sdk=iphoneos*]" = "iPhone Developer";
				COPY_PHASE_STRIP = YES;
				ENABLE_NS_ASSERTIONS = NO;
				GCC_C_LANGUAGE_STANDARD = gnu99;
				GCC_WARN_64_TO_32_BIT_CONVERSION = YES;
				GCC_WARN_ABOUT_RETURN_TYPE = YES_ERROR;
				GCC_WARN_UNDECLARED_SELECTOR = YES;
				GCC_WARN_UNINITIALIZED_AUTOS = YES_AGGRESSIVE;
				GCC_WARN_UNUSED_FUNCTION = YES;
				GCC_WARN_UNUSED_VARIABLE = YES;
				IPHONEOS_DEPLOYMENT_TARGET = 7.1;
				SDKROOT = iphoneos;
				VALIDATE_PRODUCT = YES;
			};
			name = Release;
		};
		B68A556F190E28D90002A4CE /* Debug */ = {
			isa = XCBuildConfiguration;
			buildSettings = {
				ASSETCATALOG_COMPILER_APPICON_NAME = "AppIcon-2";
				ASSETCATALOG_COMPILER_LAUNCHIMAGE_NAME = LaunchImage;
				CODE_SIGN_IDENTITY = "iPhone Developer";
				GCC_PRECOMPILE_PREFIX_HEADER = YES;
				GCC_PREFIX_HEADER = "GolfScorer/GolfScorer-Prefix.pch";
				INFOPLIST_FILE = "$(SRCROOT)/GolfScorer/GolfScorer-Info.plist";
				PRODUCT_NAME = GolfScorer;
				WRAPPER_EXTENSION = app;
			};
			name = Debug;
		};
		B68A5570190E28D90002A4CE /* Release */ = {
			isa = XCBuildConfiguration;
			buildSettings = {
				ASSETCATALOG_COMPILER_APPICON_NAME = "AppIcon-2";
				ASSETCATALOG_COMPILER_LAUNCHIMAGE_NAME = LaunchImage;
				CODE_SIGN_IDENTITY = "iPhone Developer";
				GCC_PRECOMPILE_PREFIX_HEADER = YES;
				GCC_PREFIX_HEADER = "GolfScorer/GolfScorer-Prefix.pch";
				INFOPLIST_FILE = "$(SRCROOT)/GolfScorer/GolfScorer-Info.plist";
				PRODUCT_NAME = GolfScorer;
				WRAPPER_EXTENSION = app;
			};
			name = Release;
		};
		B68A5572190E28D90002A4CE /* Debug */ = {
			isa = XCBuildConfiguration;
			buildSettings = {
				FRAMEWORK_SEARCH_PATHS = (
					"$(SDKROOT)/Developer/Library/Frameworks",
					"$(inherited)",
					"$(DEVELOPER_FRAMEWORKS_DIR)",
				);
				GCC_PRECOMPILE_PREFIX_HEADER = YES;
				GCC_PREFIX_HEADER = "GolfScorer/GolfScorer-Prefix.pch";
				GCC_PREPROCESSOR_DEFINITIONS = (
					"DEBUG=1",
					"$(inherited)",
				);
				INFOPLIST_FILE = "GolfScorerTests/GolfScorerTests-Info.plist";
				PRODUCT_NAME = GolfScorerTests;
				WRAPPER_EXTENSION = xctest;
			};
			name = Debug;
		};
		B68A5573190E28D90002A4CE /* Release */ = {
			isa = XCBuildConfiguration;
			buildSettings = {
				FRAMEWORK_SEARCH_PATHS = (
					"$(SDKROOT)/Developer/Library/Frameworks",
					"$(inherited)",
					"$(DEVELOPER_FRAMEWORKS_DIR)",
				);
				GCC_PRECOMPILE_PREFIX_HEADER = YES;
				GCC_PREFIX_HEADER = "GolfScorer/GolfScorer-Prefix.pch";
				INFOPLIST_FILE = "GolfScorerTests/GolfScorerTests-Info.plist";
				PRODUCT_NAME = GolfScorerTests;
				WRAPPER_EXTENSION = xctest;
			};
			name = Release;
		};
/* End XCBuildConfiguration section */

/* Begin XCConfigurationList section */
		B68A5531190E28D90002A4CE /* Build configuration list for PBXProject "GolfScorer" */ = {
			isa = XCConfigurationList;
			buildConfigurations = (
				B68A556C190E28D90002A4CE /* Debug */,
				B68A556D190E28D90002A4CE /* Release */,
			);
			defaultConfigurationIsVisible = 0;
			defaultConfigurationName = Release;
		};
		B68A556E190E28D90002A4CE /* Build configuration list for PBXNativeTarget "GolfScorer" */ = {
			isa = XCConfigurationList;
			buildConfigurations = (
				B68A556F190E28D90002A4CE /* Debug */,
				B68A5570190E28D90002A4CE /* Release */,
			);
			defaultConfigurationIsVisible = 0;
			defaultConfigurationName = Release;
		};
		B68A5571190E28D90002A4CE /* Build configuration list for PBXNativeTarget "GolfScorerTests" */ = {
			isa = XCConfigurationList;
			buildConfigurations = (
				B68A5572190E28D90002A4CE /* Debug */,
				B68A5573190E28D90002A4CE /* Release */,
			);
			defaultConfigurationIsVisible = 0;
			defaultConfigurationName = Release;
		};
/* End XCConfigurationList section */

/* Begin XCVersionGroup section */
		B6007E811921F74400DF0F83 /* Model.xcdatamodeld */ = {
			isa = XCVersionGroup;
			children = (
			);
			name = Model.xcdatamodeld;
			path = ../GolfScorer/Model.xcdatamodeld;
			sourceTree = "<group>";
			versionGroupType = wrapper.xcdatamodel;
		};
		B6007E831921F7A000DF0F83 /* GSModel.xcdatamodeld */ = {
			isa = XCVersionGroup;
			children = (
			);
			name = GSModel.xcdatamodeld;
			path = ../GSModel.xcdatamodeld;
			sourceTree = "<group>";
			versionGroupType = wrapper.xcdatamodel;
		};
/* End XCVersionGroup section */
	};
	rootObject = B68A552E190E28D90002A4CE /* Project object */;
}
