// !$*UTF8*$!
{
	archiveVersion = 1;
	classes = {
	};
	objectVersion = 46;
	objects = {

/* Begin PBXBuildFile section */
		4B19937F1D1145178ECDDA0C /* libPods.a in Frameworks */ = {isa = PBXBuildFile; fileRef = 52F4352125AD4C28BD64781E /* libPods.a */; };
		B61CD5FE19182E2800E172CD /* CoreData.framework in Frameworks */ = {isa = PBXBuildFile; fileRef = B61CD5FD19182E2800E172CD /* CoreData.framework */; };
		B61CD63D1918328100E172CD /* MagicalImportFunctions.m in Sources */ = {isa = PBXBuildFile; fileRef = B61CD6031918328100E172CD /* MagicalImportFunctions.m */; };
		B61CD63E1918328100E172CD /* NSAttributeDescription+MagicalDataImport.m in Sources */ = {isa = PBXBuildFile; fileRef = B61CD6051918328100E172CD /* NSAttributeDescription+MagicalDataImport.m */; };
		B61CD63F1918328100E172CD /* NSEntityDescription+MagicalDataImport.m in Sources */ = {isa = PBXBuildFile; fileRef = B61CD6071918328100E172CD /* NSEntityDescription+MagicalDataImport.m */; };
		B61CD6401918328100E172CD /* NSNumber+MagicalDataImport.m in Sources */ = {isa = PBXBuildFile; fileRef = B61CD6091918328100E172CD /* NSNumber+MagicalDataImport.m */; };
		B61CD6411918328100E172CD /* NSObject+MagicalDataImport.m in Sources */ = {isa = PBXBuildFile; fileRef = B61CD60B1918328100E172CD /* NSObject+MagicalDataImport.m */; };
		B61CD6421918328100E172CD /* NSRelationshipDescription+MagicalDataImport.m in Sources */ = {isa = PBXBuildFile; fileRef = B61CD60D1918328100E172CD /* NSRelationshipDescription+MagicalDataImport.m */; };
		B61CD6431918328100E172CD /* NSString+MagicalDataImport.m in Sources */ = {isa = PBXBuildFile; fileRef = B61CD60F1918328100E172CD /* NSString+MagicalDataImport.m */; };
		B61CD6441918328100E172CD /* NSManagedObject+MagicalAggregation.m in Sources */ = {isa = PBXBuildFile; fileRef = B61CD6121918328100E172CD /* NSManagedObject+MagicalAggregation.m */; };
		B61CD6451918328100E172CD /* NSManagedObject+MagicalDataImport.m in Sources */ = {isa = PBXBuildFile; fileRef = B61CD6141918328100E172CD /* NSManagedObject+MagicalDataImport.m */; };
		B61CD6461918328100E172CD /* NSManagedObject+MagicalFinders.m in Sources */ = {isa = PBXBuildFile; fileRef = B61CD6161918328100E172CD /* NSManagedObject+MagicalFinders.m */; };
		B61CD6471918328100E172CD /* NSManagedObject+MagicalRecord.m in Sources */ = {isa = PBXBuildFile; fileRef = B61CD6181918328100E172CD /* NSManagedObject+MagicalRecord.m */; };
		B61CD6481918328100E172CD /* NSManagedObject+MagicalRequests.m in Sources */ = {isa = PBXBuildFile; fileRef = B61CD61A1918328100E172CD /* NSManagedObject+MagicalRequests.m */; };
		B61CD6491918328100E172CD /* NSManagedObjectContext+MagicalObserving.m in Sources */ = {isa = PBXBuildFile; fileRef = B61CD61D1918328100E172CD /* NSManagedObjectContext+MagicalObserving.m */; };
		B61CD64A1918328100E172CD /* NSManagedObjectContext+MagicalRecord.m in Sources */ = {isa = PBXBuildFile; fileRef = B61CD61F1918328100E172CD /* NSManagedObjectContext+MagicalRecord.m */; };
		B61CD64B1918328100E172CD /* NSManagedObjectContext+MagicalSaves.m in Sources */ = {isa = PBXBuildFile; fileRef = B61CD6211918328100E172CD /* NSManagedObjectContext+MagicalSaves.m */; };
		B61CD64C1918328100E172CD /* NSManagedObjectContext+MagicalThreading.m in Sources */ = {isa = PBXBuildFile; fileRef = B61CD6231918328100E172CD /* NSManagedObjectContext+MagicalThreading.m */; };
		B61CD64D1918328100E172CD /* NSManagedObjectModel+MagicalRecord.m in Sources */ = {isa = PBXBuildFile; fileRef = B61CD6251918328100E172CD /* NSManagedObjectModel+MagicalRecord.m */; };
		B61CD64E1918328100E172CD /* NSPersistentStore+MagicalRecord.m in Sources */ = {isa = PBXBuildFile; fileRef = B61CD6271918328100E172CD /* NSPersistentStore+MagicalRecord.m */; };
		B61CD64F1918328100E172CD /* NSPersistentStoreCoordinator+MagicalRecord.m in Sources */ = {isa = PBXBuildFile; fileRef = B61CD6291918328100E172CD /* NSPersistentStoreCoordinator+MagicalRecord.m */; };
		B61CD6501918328100E172CD /* MagicalRecord+Actions.m in Sources */ = {isa = PBXBuildFile; fileRef = B61CD62C1918328100E172CD /* MagicalRecord+Actions.m */; };
		B61CD6511918328100E172CD /* MagicalRecord+ErrorHandling.m in Sources */ = {isa = PBXBuildFile; fileRef = B61CD62E1918328100E172CD /* MagicalRecord+ErrorHandling.m */; };
		B61CD6521918328100E172CD /* MagicalRecord+iCloud.m in Sources */ = {isa = PBXBuildFile; fileRef = B61CD6301918328100E172CD /* MagicalRecord+iCloud.m */; };
		B61CD6531918328100E172CD /* MagicalRecord+Options.m in Sources */ = {isa = PBXBuildFile; fileRef = B61CD6321918328100E172CD /* MagicalRecord+Options.m */; };
		B61CD6541918328100E172CD /* MagicalRecord+Setup.m in Sources */ = {isa = PBXBuildFile; fileRef = B61CD6341918328100E172CD /* MagicalRecord+Setup.m */; };
		B61CD6551918328100E172CD /* MagicalRecord+ShorthandSupport.m in Sources */ = {isa = PBXBuildFile; fileRef = B61CD6361918328100E172CD /* MagicalRecord+ShorthandSupport.m */; };
		B61CD6561918328100E172CD /* MagicalRecord.m in Sources */ = {isa = PBXBuildFile; fileRef = B61CD6381918328100E172CD /* MagicalRecord.m */; };
		B61CD6601918B78E00E172CD /* Player.m in Sources */ = {isa = PBXBuildFile; fileRef = B61CD65F1918B78E00E172CD /* Player.m */; };
		B61CD6631918B78E00E172CD /* Game.m in Sources */ = {isa = PBXBuildFile; fileRef = B61CD6621918B78E00E172CD /* Game.m */; };
		B61CD6661918BB2600E172CD /* Hole.m in Sources */ = {isa = PBXBuildFile; fileRef = B61CD6651918BB2600E172CD /* Hole.m */; };
		B62EECB5190F7BA300390F0D /* EXTGameViewController.m in Sources */ = {isa = PBXBuildFile; fileRef = B62EECB4190F7BA300390F0D /* EXTGameViewController.m */; };
		B62EECB8190F7D3500390F0D /* AddressBook.framework in Frameworks */ = {isa = PBXBuildFile; fileRef = B62EECB6190F7D3500390F0D /* AddressBook.framework */; };
		B62EECB9190F7D3500390F0D /* AddressBookUI.framework in Frameworks */ = {isa = PBXBuildFile; fileRef = B62EECB7190F7D3500390F0D /* AddressBookUI.framework */; };
		B62EECC2190F88DC00390F0D /* EXTPlayersViewController.m in Sources */ = {isa = PBXBuildFile; fileRef = B62EECC1190F88DC00390F0D /* EXTPlayersViewController.m */; };
		B63926901911715100AC48D0 /* Model.xcdatamodeld in Sources */ = {isa = PBXBuildFile; fileRef = B639268E1911715100AC48D0 /* Model.xcdatamodeld */; };
		B639269919136D8000AC48D0 /* EXTOldGamesTableViewController.m in Sources */ = {isa = PBXBuildFile; fileRef = B639269819136D8000AC48D0 /* EXTOldGamesTableViewController.m */; };
		B639269C19136ED000AC48D0 /* EXTHomeViewController.m in Sources */ = {isa = PBXBuildFile; fileRef = B639269B19136ED000AC48D0 /* EXTHomeViewController.m */; };
		B63926A51914065A00AC48D0 /* Game+init.m in Sources */ = {isa = PBXBuildFile; fileRef = B63926A41914065A00AC48D0 /* Game+init.m */; };
		B63926A91914081000AC48D0 /* Player+create.m in Sources */ = {isa = PBXBuildFile; fileRef = B63926A81914081000AC48D0 /* Player+create.m */; };
		B68A553A190E28D90002A4CE /* Foundation.framework in Frameworks */ = {isa = PBXBuildFile; fileRef = B68A5539190E28D90002A4CE /* Foundation.framework */; };
		B68A553C190E28D90002A4CE /* CoreGraphics.framework in Frameworks */ = {isa = PBXBuildFile; fileRef = B68A553B190E28D90002A4CE /* CoreGraphics.framework */; };
		B68A553E190E28D90002A4CE /* UIKit.framework in Frameworks */ = {isa = PBXBuildFile; fileRef = B68A553D190E28D90002A4CE /* UIKit.framework */; };
		B68A5544190E28D90002A4CE /* InfoPlist.strings in Resources */ = {isa = PBXBuildFile; fileRef = B68A5542190E28D90002A4CE /* InfoPlist.strings */; };
		B68A5546190E28D90002A4CE /* main.m in Sources */ = {isa = PBXBuildFile; fileRef = B68A5545190E28D90002A4CE /* main.m */; };
		B68A554A190E28D90002A4CE /* EXTAppDelegate.m in Sources */ = {isa = PBXBuildFile; fileRef = B68A5549190E28D90002A4CE /* EXTAppDelegate.m */; };
		B68A554D190E28D90002A4CE /* EXTHolesRootViewController.m in Sources */ = {isa = PBXBuildFile; fileRef = B68A554C190E28D90002A4CE /* EXTHolesRootViewController.m */; };
		B68A5550190E28D90002A4CE /* EXTHoleDataViewController.m in Sources */ = {isa = PBXBuildFile; fileRef = B68A554F190E28D90002A4CE /* EXTHoleDataViewController.m */; };
		B68A5553190E28D90002A4CE /* EXTModelController.m in Sources */ = {isa = PBXBuildFile; fileRef = B68A5552190E28D90002A4CE /* EXTModelController.m */; };
		B68A5556190E28D90002A4CE /* Main.storyboard in Resources */ = {isa = PBXBuildFile; fileRef = B68A5554190E28D90002A4CE /* Main.storyboard */; };
		B68A5558190E28D90002A4CE /* Images.xcassets in Resources */ = {isa = PBXBuildFile; fileRef = B68A5557190E28D90002A4CE /* Images.xcassets */; };
		B68A555F190E28D90002A4CE /* XCTest.framework in Frameworks */ = {isa = PBXBuildFile; fileRef = B68A555E190E28D90002A4CE /* XCTest.framework */; };
		B68A5560190E28D90002A4CE /* Foundation.framework in Frameworks */ = {isa = PBXBuildFile; fileRef = B68A5539190E28D90002A4CE /* Foundation.framework */; };
		B68A5561190E28D90002A4CE /* UIKit.framework in Frameworks */ = {isa = PBXBuildFile; fileRef = B68A553D190E28D90002A4CE /* UIKit.framework */; };
		B68A5569190E28D90002A4CE /* InfoPlist.strings in Resources */ = {isa = PBXBuildFile; fileRef = B68A5567190E28D90002A4CE /* InfoPlist.strings */; };
		B68A556B190E28D90002A4CE /* CaddieMennecyTests.m in Sources */ = {isa = PBXBuildFile; fileRef = B68A556A190E28D90002A4CE /* CaddieMennecyTests.m */; };
/* End PBXBuildFile section */

/* Begin PBXContainerItemProxy section */
		B68A5562190E28D90002A4CE /* PBXContainerItemProxy */ = {
			isa = PBXContainerItemProxy;
			containerPortal = B68A552E190E28D90002A4CE /* Project object */;
			proxyType = 1;
			remoteGlobalIDString = B68A5535190E28D90002A4CE;
			remoteInfo = CaddieMennecy;
		};
/* End PBXContainerItemProxy section */

/* Begin PBXFileReference section */
		52F4352125AD4C28BD64781E /* libPods.a */ = {isa = PBXFileReference; explicitFileType = archive.ar; includeInIndex = 0; path = libPods.a; sourceTree = BUILT_PRODUCTS_DIR; };
		B61CD5FD19182E2800E172CD /* CoreData.framework */ = {isa = PBXFileReference; lastKnownFileType = wrapper.framework; name = CoreData.framework; path = System/Library/Frameworks/CoreData.framework; sourceTree = SDKROOT; };
		B61CD6021918328100E172CD /* MagicalImportFunctions.h */ = {isa = PBXFileReference; fileEncoding = 4; lastKnownFileType = sourcecode.c.h; path = MagicalImportFunctions.h; sourceTree = "<group>"; };
		B61CD6031918328100E172CD /* MagicalImportFunctions.m */ = {isa = PBXFileReference; fileEncoding = 4; lastKnownFileType = sourcecode.c.objc; path = MagicalImportFunctions.m; sourceTree = "<group>"; };
		B61CD6041918328100E172CD /* NSAttributeDescription+MagicalDataImport.h */ = {isa = PBXFileReference; fileEncoding = 4; lastKnownFileType = sourcecode.c.h; path = "NSAttributeDescription+MagicalDataImport.h"; sourceTree = "<group>"; };
		B61CD6051918328100E172CD /* NSAttributeDescription+MagicalDataImport.m */ = {isa = PBXFileReference; fileEncoding = 4; lastKnownFileType = sourcecode.c.objc; path = "NSAttributeDescription+MagicalDataImport.m"; sourceTree = "<group>"; };
		B61CD6061918328100E172CD /* NSEntityDescription+MagicalDataImport.h */ = {isa = PBXFileReference; fileEncoding = 4; lastKnownFileType = sourcecode.c.h; path = "NSEntityDescription+MagicalDataImport.h"; sourceTree = "<group>"; };
		B61CD6071918328100E172CD /* NSEntityDescription+MagicalDataImport.m */ = {isa = PBXFileReference; fileEncoding = 4; lastKnownFileType = sourcecode.c.objc; path = "NSEntityDescription+MagicalDataImport.m"; sourceTree = "<group>"; };
		B61CD6081918328100E172CD /* NSNumber+MagicalDataImport.h */ = {isa = PBXFileReference; fileEncoding = 4; lastKnownFileType = sourcecode.c.h; path = "NSNumber+MagicalDataImport.h"; sourceTree = "<group>"; };
		B61CD6091918328100E172CD /* NSNumber+MagicalDataImport.m */ = {isa = PBXFileReference; fileEncoding = 4; lastKnownFileType = sourcecode.c.objc; path = "NSNumber+MagicalDataImport.m"; sourceTree = "<group>"; };
		B61CD60A1918328100E172CD /* NSObject+MagicalDataImport.h */ = {isa = PBXFileReference; fileEncoding = 4; lastKnownFileType = sourcecode.c.h; path = "NSObject+MagicalDataImport.h"; sourceTree = "<group>"; };
		B61CD60B1918328100E172CD /* NSObject+MagicalDataImport.m */ = {isa = PBXFileReference; fileEncoding = 4; lastKnownFileType = sourcecode.c.objc; path = "NSObject+MagicalDataImport.m"; sourceTree = "<group>"; };
		B61CD60C1918328100E172CD /* NSRelationshipDescription+MagicalDataImport.h */ = {isa = PBXFileReference; fileEncoding = 4; lastKnownFileType = sourcecode.c.h; path = "NSRelationshipDescription+MagicalDataImport.h"; sourceTree = "<group>"; };
		B61CD60D1918328100E172CD /* NSRelationshipDescription+MagicalDataImport.m */ = {isa = PBXFileReference; fileEncoding = 4; lastKnownFileType = sourcecode.c.objc; path = "NSRelationshipDescription+MagicalDataImport.m"; sourceTree = "<group>"; };
		B61CD60E1918328100E172CD /* NSString+MagicalDataImport.h */ = {isa = PBXFileReference; fileEncoding = 4; lastKnownFileType = sourcecode.c.h; path = "NSString+MagicalDataImport.h"; sourceTree = "<group>"; };
		B61CD60F1918328100E172CD /* NSString+MagicalDataImport.m */ = {isa = PBXFileReference; fileEncoding = 4; lastKnownFileType = sourcecode.c.objc; path = "NSString+MagicalDataImport.m"; sourceTree = "<group>"; };
		B61CD6111918328100E172CD /* NSManagedObject+MagicalAggregation.h */ = {isa = PBXFileReference; fileEncoding = 4; lastKnownFileType = sourcecode.c.h; path = "NSManagedObject+MagicalAggregation.h"; sourceTree = "<group>"; };
		B61CD6121918328100E172CD /* NSManagedObject+MagicalAggregation.m */ = {isa = PBXFileReference; fileEncoding = 4; lastKnownFileType = sourcecode.c.objc; path = "NSManagedObject+MagicalAggregation.m"; sourceTree = "<group>"; };
		B61CD6131918328100E172CD /* NSManagedObject+MagicalDataImport.h */ = {isa = PBXFileReference; fileEncoding = 4; lastKnownFileType = sourcecode.c.h; path = "NSManagedObject+MagicalDataImport.h"; sourceTree = "<group>"; };
		B61CD6141918328100E172CD /* NSManagedObject+MagicalDataImport.m */ = {isa = PBXFileReference; fileEncoding = 4; lastKnownFileType = sourcecode.c.objc; path = "NSManagedObject+MagicalDataImport.m"; sourceTree = "<group>"; };
		B61CD6151918328100E172CD /* NSManagedObject+MagicalFinders.h */ = {isa = PBXFileReference; fileEncoding = 4; lastKnownFileType = sourcecode.c.h; path = "NSManagedObject+MagicalFinders.h"; sourceTree = "<group>"; };
		B61CD6161918328100E172CD /* NSManagedObject+MagicalFinders.m */ = {isa = PBXFileReference; fileEncoding = 4; lastKnownFileType = sourcecode.c.objc; path = "NSManagedObject+MagicalFinders.m"; sourceTree = "<group>"; };
		B61CD6171918328100E172CD /* NSManagedObject+MagicalRecord.h */ = {isa = PBXFileReference; fileEncoding = 4; lastKnownFileType = sourcecode.c.h; path = "NSManagedObject+MagicalRecord.h"; sourceTree = "<group>"; };
		B61CD6181918328100E172CD /* NSManagedObject+MagicalRecord.m */ = {isa = PBXFileReference; fileEncoding = 4; lastKnownFileType = sourcecode.c.objc; path = "NSManagedObject+MagicalRecord.m"; sourceTree = "<group>"; };
		B61CD6191918328100E172CD /* NSManagedObject+MagicalRequests.h */ = {isa = PBXFileReference; fileEncoding = 4; lastKnownFileType = sourcecode.c.h; path = "NSManagedObject+MagicalRequests.h"; sourceTree = "<group>"; };
		B61CD61A1918328100E172CD /* NSManagedObject+MagicalRequests.m */ = {isa = PBXFileReference; fileEncoding = 4; lastKnownFileType = sourcecode.c.objc; path = "NSManagedObject+MagicalRequests.m"; sourceTree = "<group>"; };
		B61CD61C1918328100E172CD /* NSManagedObjectContext+MagicalObserving.h */ = {isa = PBXFileReference; fileEncoding = 4; lastKnownFileType = sourcecode.c.h; path = "NSManagedObjectContext+MagicalObserving.h"; sourceTree = "<group>"; };
		B61CD61D1918328100E172CD /* NSManagedObjectContext+MagicalObserving.m */ = {isa = PBXFileReference; fileEncoding = 4; lastKnownFileType = sourcecode.c.objc; path = "NSManagedObjectContext+MagicalObserving.m"; sourceTree = "<group>"; };
		B61CD61E1918328100E172CD /* NSManagedObjectContext+MagicalRecord.h */ = {isa = PBXFileReference; fileEncoding = 4; lastKnownFileType = sourcecode.c.h; path = "NSManagedObjectContext+MagicalRecord.h"; sourceTree = "<group>"; };
		B61CD61F1918328100E172CD /* NSManagedObjectContext+MagicalRecord.m */ = {isa = PBXFileReference; fileEncoding = 4; lastKnownFileType = sourcecode.c.objc; path = "NSManagedObjectContext+MagicalRecord.m"; sourceTree = "<group>"; };
		B61CD6201918328100E172CD /* NSManagedObjectContext+MagicalSaves.h */ = {isa = PBXFileReference; fileEncoding = 4; lastKnownFileType = sourcecode.c.h; path = "NSManagedObjectContext+MagicalSaves.h"; sourceTree = "<group>"; };
		B61CD6211918328100E172CD /* NSManagedObjectContext+MagicalSaves.m */ = {isa = PBXFileReference; fileEncoding = 4; lastKnownFileType = sourcecode.c.objc; path = "NSManagedObjectContext+MagicalSaves.m"; sourceTree = "<group>"; };
		B61CD6221918328100E172CD /* NSManagedObjectContext+MagicalThreading.h */ = {isa = PBXFileReference; fileEncoding = 4; lastKnownFileType = sourcecode.c.h; path = "NSManagedObjectContext+MagicalThreading.h"; sourceTree = "<group>"; };
		B61CD6231918328100E172CD /* NSManagedObjectContext+MagicalThreading.m */ = {isa = PBXFileReference; fileEncoding = 4; lastKnownFileType = sourcecode.c.objc; path = "NSManagedObjectContext+MagicalThreading.m"; sourceTree = "<group>"; };
		B61CD6241918328100E172CD /* NSManagedObjectModel+MagicalRecord.h */ = {isa = PBXFileReference; fileEncoding = 4; lastKnownFileType = sourcecode.c.h; path = "NSManagedObjectModel+MagicalRecord.h"; sourceTree = "<group>"; };
		B61CD6251918328100E172CD /* NSManagedObjectModel+MagicalRecord.m */ = {isa = PBXFileReference; fileEncoding = 4; lastKnownFileType = sourcecode.c.objc; path = "NSManagedObjectModel+MagicalRecord.m"; sourceTree = "<group>"; };
		B61CD6261918328100E172CD /* NSPersistentStore+MagicalRecord.h */ = {isa = PBXFileReference; fileEncoding = 4; lastKnownFileType = sourcecode.c.h; path = "NSPersistentStore+MagicalRecord.h"; sourceTree = "<group>"; };
		B61CD6271918328100E172CD /* NSPersistentStore+MagicalRecord.m */ = {isa = PBXFileReference; fileEncoding = 4; lastKnownFileType = sourcecode.c.objc; path = "NSPersistentStore+MagicalRecord.m"; sourceTree = "<group>"; };
		B61CD6281918328100E172CD /* NSPersistentStoreCoordinator+MagicalRecord.h */ = {isa = PBXFileReference; fileEncoding = 4; lastKnownFileType = sourcecode.c.h; path = "NSPersistentStoreCoordinator+MagicalRecord.h"; sourceTree = "<group>"; };
		B61CD6291918328100E172CD /* NSPersistentStoreCoordinator+MagicalRecord.m */ = {isa = PBXFileReference; fileEncoding = 4; lastKnownFileType = sourcecode.c.objc; path = "NSPersistentStoreCoordinator+MagicalRecord.m"; sourceTree = "<group>"; };
		B61CD62B1918328100E172CD /* MagicalRecord+Actions.h */ = {isa = PBXFileReference; fileEncoding = 4; lastKnownFileType = sourcecode.c.h; path = "MagicalRecord+Actions.h"; sourceTree = "<group>"; };
		B61CD62C1918328100E172CD /* MagicalRecord+Actions.m */ = {isa = PBXFileReference; fileEncoding = 4; lastKnownFileType = sourcecode.c.objc; path = "MagicalRecord+Actions.m"; sourceTree = "<group>"; };
		B61CD62D1918328100E172CD /* MagicalRecord+ErrorHandling.h */ = {isa = PBXFileReference; fileEncoding = 4; lastKnownFileType = sourcecode.c.h; path = "MagicalRecord+ErrorHandling.h"; sourceTree = "<group>"; };
		B61CD62E1918328100E172CD /* MagicalRecord+ErrorHandling.m */ = {isa = PBXFileReference; fileEncoding = 4; lastKnownFileType = sourcecode.c.objc; path = "MagicalRecord+ErrorHandling.m"; sourceTree = "<group>"; };
		B61CD62F1918328100E172CD /* MagicalRecord+iCloud.h */ = {isa = PBXFileReference; fileEncoding = 4; lastKnownFileType = sourcecode.c.h; path = "MagicalRecord+iCloud.h"; sourceTree = "<group>"; };
		B61CD6301918328100E172CD /* MagicalRecord+iCloud.m */ = {isa = PBXFileReference; fileEncoding = 4; lastKnownFileType = sourcecode.c.objc; path = "MagicalRecord+iCloud.m"; sourceTree = "<group>"; };
		B61CD6311918328100E172CD /* MagicalRecord+Options.h */ = {isa = PBXFileReference; fileEncoding = 4; lastKnownFileType = sourcecode.c.h; path = "MagicalRecord+Options.h"; sourceTree = "<group>"; };
		B61CD6321918328100E172CD /* MagicalRecord+Options.m */ = {isa = PBXFileReference; fileEncoding = 4; lastKnownFileType = sourcecode.c.objc; path = "MagicalRecord+Options.m"; sourceTree = "<group>"; };
		B61CD6331918328100E172CD /* MagicalRecord+Setup.h */ = {isa = PBXFileReference; fileEncoding = 4; lastKnownFileType = sourcecode.c.h; path = "MagicalRecord+Setup.h"; sourceTree = "<group>"; };
		B61CD6341918328100E172CD /* MagicalRecord+Setup.m */ = {isa = PBXFileReference; fileEncoding = 4; lastKnownFileType = sourcecode.c.objc; path = "MagicalRecord+Setup.m"; sourceTree = "<group>"; };
		B61CD6351918328100E172CD /* MagicalRecord+ShorthandSupport.h */ = {isa = PBXFileReference; fileEncoding = 4; lastKnownFileType = sourcecode.c.h; path = "MagicalRecord+ShorthandSupport.h"; sourceTree = "<group>"; };
		B61CD6361918328100E172CD /* MagicalRecord+ShorthandSupport.m */ = {isa = PBXFileReference; fileEncoding = 4; lastKnownFileType = sourcecode.c.objc; path = "MagicalRecord+ShorthandSupport.m"; sourceTree = "<group>"; };
		B61CD6371918328100E172CD /* MagicalRecord.h */ = {isa = PBXFileReference; fileEncoding = 4; lastKnownFileType = sourcecode.c.h; path = MagicalRecord.h; sourceTree = "<group>"; };
		B61CD6381918328100E172CD /* MagicalRecord.m */ = {isa = PBXFileReference; fileEncoding = 4; lastKnownFileType = sourcecode.c.objc; path = MagicalRecord.m; sourceTree = "<group>"; };
		B61CD6391918328100E172CD /* MagicalRecordDeprecated.h */ = {isa = PBXFileReference; fileEncoding = 4; lastKnownFileType = sourcecode.c.h; path = MagicalRecordDeprecated.h; sourceTree = "<group>"; };
		B61CD63A1918328100E172CD /* MagicalRecordLogging.h */ = {isa = PBXFileReference; fileEncoding = 4; lastKnownFileType = sourcecode.c.h; path = MagicalRecordLogging.h; sourceTree = "<group>"; };
		B61CD63B1918328100E172CD /* MagicalRecordShorthand.h */ = {isa = PBXFileReference; fileEncoding = 4; lastKnownFileType = sourcecode.c.h; path = MagicalRecordShorthand.h; sourceTree = "<group>"; };
		B61CD63C1918328100E172CD /* CoreData+MagicalRecord.h */ = {isa = PBXFileReference; fileEncoding = 4; lastKnownFileType = sourcecode.c.h; path = "CoreData+MagicalRecord.h"; sourceTree = "<group>"; };
		B61CD6571918339700E172CD /* EXTGlobal.h */ = {isa = PBXFileReference; fileEncoding = 4; lastKnownFileType = sourcecode.c.h; path = EXTGlobal.h; sourceTree = "<group>"; };
		B61CD65E1918B78E00E172CD /* Player.h */ = {isa = PBXFileReference; fileEncoding = 4; lastKnownFileType = sourcecode.c.h; path = Player.h; sourceTree = "<group>"; };
		B61CD65F1918B78E00E172CD /* Player.m */ = {isa = PBXFileReference; fileEncoding = 4; lastKnownFileType = sourcecode.c.objc; path = Player.m; sourceTree = "<group>"; };
		B61CD6611918B78E00E172CD /* Game.h */ = {isa = PBXFileReference; fileEncoding = 4; lastKnownFileType = sourcecode.c.h; path = Game.h; sourceTree = "<group>"; };
		B61CD6621918B78E00E172CD /* Game.m */ = {isa = PBXFileReference; fileEncoding = 4; lastKnownFileType = sourcecode.c.objc; path = Game.m; sourceTree = "<group>"; };
		B61CD6641918BB2600E172CD /* Hole.h */ = {isa = PBXFileReference; fileEncoding = 4; lastKnownFileType = sourcecode.c.h; path = Hole.h; sourceTree = "<group>"; };
		B61CD6651918BB2600E172CD /* Hole.m */ = {isa = PBXFileReference; fileEncoding = 4; lastKnownFileType = sourcecode.c.objc; path = Hole.m; sourceTree = "<group>"; };
		B62EECB3190F7BA300390F0D /* EXTGameViewController.h */ = {isa = PBXFileReference; fileEncoding = 4; lastKnownFileType = sourcecode.c.h; path = EXTGameViewController.h; sourceTree = "<group>"; };
		B62EECB4190F7BA300390F0D /* EXTGameViewController.m */ = {isa = PBXFileReference; fileEncoding = 4; lastKnownFileType = sourcecode.c.objc; path = EXTGameViewController.m; sourceTree = "<group>"; };
		B62EECB6190F7D3500390F0D /* AddressBook.framework */ = {isa = PBXFileReference; lastKnownFileType = wrapper.framework; name = AddressBook.framework; path = System/Library/Frameworks/AddressBook.framework; sourceTree = SDKROOT; };
		B62EECB7190F7D3500390F0D /* AddressBookUI.framework */ = {isa = PBXFileReference; lastKnownFileType = wrapper.framework; name = AddressBookUI.framework; path = System/Library/Frameworks/AddressBookUI.framework; sourceTree = SDKROOT; };
		B62EECC0190F88DC00390F0D /* EXTPlayersViewController.h */ = {isa = PBXFileReference; fileEncoding = 4; lastKnownFileType = sourcecode.c.h; path = EXTPlayersViewController.h; sourceTree = "<group>"; };
		B62EECC1190F88DC00390F0D /* EXTPlayersViewController.m */ = {isa = PBXFileReference; fileEncoding = 4; lastKnownFileType = sourcecode.c.objc; path = EXTPlayersViewController.m; sourceTree = "<group>"; };
		B639268F1911715100AC48D0 /* Model.xcdatamodel */ = {isa = PBXFileReference; lastKnownFileType = wrapper.xcdatamodel; path = Model.xcdatamodel; sourceTree = "<group>"; };
		B639269719136D8000AC48D0 /* EXTOldGamesTableViewController.h */ = {isa = PBXFileReference; fileEncoding = 4; lastKnownFileType = sourcecode.c.h; path = EXTOldGamesTableViewController.h; sourceTree = "<group>"; };
		B639269819136D8000AC48D0 /* EXTOldGamesTableViewController.m */ = {isa = PBXFileReference; fileEncoding = 4; lastKnownFileType = sourcecode.c.objc; path = EXTOldGamesTableViewController.m; sourceTree = "<group>"; };
		B639269A19136ED000AC48D0 /* EXTHomeViewController.h */ = {isa = PBXFileReference; fileEncoding = 4; lastKnownFileType = sourcecode.c.h; path = EXTHomeViewController.h; sourceTree = "<group>"; };
		B639269B19136ED000AC48D0 /* EXTHomeViewController.m */ = {isa = PBXFileReference; fileEncoding = 4; lastKnownFileType = sourcecode.c.objc; path = EXTHomeViewController.m; sourceTree = "<group>"; };
		B63926A31914065A00AC48D0 /* Game+init.h */ = {isa = PBXFileReference; fileEncoding = 4; lastKnownFileType = sourcecode.c.h; path = "Game+init.h"; sourceTree = "<group>"; };
		B63926A41914065A00AC48D0 /* Game+init.m */ = {isa = PBXFileReference; fileEncoding = 4; lastKnownFileType = sourcecode.c.objc; path = "Game+init.m"; sourceTree = "<group>"; };
		B63926A71914081000AC48D0 /* Player+create.h */ = {isa = PBXFileReference; fileEncoding = 4; lastKnownFileType = sourcecode.c.h; path = "Player+create.h"; sourceTree = "<group>"; };
		B63926A81914081000AC48D0 /* Player+create.m */ = {isa = PBXFileReference; fileEncoding = 4; lastKnownFileType = sourcecode.c.objc; path = "Player+create.m"; sourceTree = "<group>"; };
		B68A5536190E28D90002A4CE /* CaddieMennecy.app */ = {isa = PBXFileReference; explicitFileType = wrapper.application; includeInIndex = 0; path = CaddieMennecy.app; sourceTree = BUILT_PRODUCTS_DIR; };
		B68A5539190E28D90002A4CE /* Foundation.framework */ = {isa = PBXFileReference; lastKnownFileType = wrapper.framework; name = Foundation.framework; path = System/Library/Frameworks/Foundation.framework; sourceTree = SDKROOT; };
		B68A553B190E28D90002A4CE /* CoreGraphics.framework */ = {isa = PBXFileReference; lastKnownFileType = wrapper.framework; name = CoreGraphics.framework; path = System/Library/Frameworks/CoreGraphics.framework; sourceTree = SDKROOT; };
		B68A553D190E28D90002A4CE /* UIKit.framework */ = {isa = PBXFileReference; lastKnownFileType = wrapper.framework; name = UIKit.framework; path = System/Library/Frameworks/UIKit.framework; sourceTree = SDKROOT; };
		B68A5541190E28D90002A4CE /* CaddieMennecy-Info.plist */ = {isa = PBXFileReference; lastKnownFileType = text.plist.xml; path = "CaddieMennecy-Info.plist"; sourceTree = "<group>"; };
		B68A5543190E28D90002A4CE /* en */ = {isa = PBXFileReference; lastKnownFileType = text.plist.strings; name = en; path = en.lproj/InfoPlist.strings; sourceTree = "<group>"; };
		B68A5545190E28D90002A4CE /* main.m */ = {isa = PBXFileReference; lastKnownFileType = sourcecode.c.objc; path = main.m; sourceTree = "<group>"; };
		B68A5547190E28D90002A4CE /* CaddieMennecy-Prefix.pch */ = {isa = PBXFileReference; lastKnownFileType = sourcecode.c.h; path = "CaddieMennecy-Prefix.pch"; sourceTree = "<group>"; };
		B68A5548190E28D90002A4CE /* EXTAppDelegate.h */ = {isa = PBXFileReference; lastKnownFileType = sourcecode.c.h; path = EXTAppDelegate.h; sourceTree = "<group>"; };
		B68A5549190E28D90002A4CE /* EXTAppDelegate.m */ = {isa = PBXFileReference; lastKnownFileType = sourcecode.c.objc; path = EXTAppDelegate.m; sourceTree = "<group>"; };
		B68A554B190E28D90002A4CE /* EXTHolesRootViewController.h */ = {isa = PBXFileReference; lastKnownFileType = sourcecode.c.h; path = EXTHolesRootViewController.h; sourceTree = "<group>"; };
		B68A554C190E28D90002A4CE /* EXTHolesRootViewController.m */ = {isa = PBXFileReference; lastKnownFileType = sourcecode.c.objc; path = EXTHolesRootViewController.m; sourceTree = "<group>"; };
		B68A554E190E28D90002A4CE /* EXTHoleDataViewController.h */ = {isa = PBXFileReference; lastKnownFileType = sourcecode.c.h; path = EXTHoleDataViewController.h; sourceTree = "<group>"; };
		B68A554F190E28D90002A4CE /* EXTHoleDataViewController.m */ = {isa = PBXFileReference; lastKnownFileType = sourcecode.c.objc; path = EXTHoleDataViewController.m; sourceTree = "<group>"; };
		B68A5551190E28D90002A4CE /* EXTModelController.h */ = {isa = PBXFileReference; lastKnownFileType = sourcecode.c.h; path = EXTModelController.h; sourceTree = "<group>"; };
		B68A5552190E28D90002A4CE /* EXTModelController.m */ = {isa = PBXFileReference; lastKnownFileType = sourcecode.c.objc; path = EXTModelController.m; sourceTree = "<group>"; };
		B68A5555190E28D90002A4CE /* Base */ = {isa = PBXFileReference; lastKnownFileType = file.storyboard; name = Base; path = Base.lproj/Main.storyboard; sourceTree = "<group>"; };
		B68A5557190E28D90002A4CE /* Images.xcassets */ = {isa = PBXFileReference; lastKnownFileType = folder.assetcatalog; path = Images.xcassets; sourceTree = "<group>"; };
		B68A555D190E28D90002A4CE /* CaddieMennecyTests.xctest */ = {isa = PBXFileReference; explicitFileType = wrapper.cfbundle; includeInIndex = 0; path = CaddieMennecyTests.xctest; sourceTree = BUILT_PRODUCTS_DIR; };
		B68A555E190E28D90002A4CE /* XCTest.framework */ = {isa = PBXFileReference; lastKnownFileType = wrapper.framework; name = XCTest.framework; path = Library/Frameworks/XCTest.framework; sourceTree = DEVELOPER_DIR; };
		B68A5566190E28D90002A4CE /* CaddieMennecyTests-Info.plist */ = {isa = PBXFileReference; lastKnownFileType = text.plist.xml; path = "CaddieMennecyTests-Info.plist"; sourceTree = "<group>"; };
		B68A5568190E28D90002A4CE /* en */ = {isa = PBXFileReference; lastKnownFileType = text.plist.strings; name = en; path = en.lproj/InfoPlist.strings; sourceTree = "<group>"; };
		B68A556A190E28D90002A4CE /* CaddieMennecyTests.m */ = {isa = PBXFileReference; lastKnownFileType = sourcecode.c.objc; path = CaddieMennecyTests.m; sourceTree = "<group>"; };
		BD3FD21268864AE7AA7CD4A3 /* Pods.xcconfig */ = {isa = PBXFileReference; includeInIndex = 1; lastKnownFileType = text.xcconfig; name = Pods.xcconfig; path = Pods/Pods.xcconfig; sourceTree = "<group>"; };
/* End PBXFileReference section */

/* Begin PBXFrameworksBuildPhase section */
		B68A5533190E28D90002A4CE /* Frameworks */ = {
			isa = PBXFrameworksBuildPhase;
			buildActionMask = 2147483647;
			files = (
				B61CD5FE19182E2800E172CD /* CoreData.framework in Frameworks */,
				B62EECB8190F7D3500390F0D /* AddressBook.framework in Frameworks */,
				B62EECB9190F7D3500390F0D /* AddressBookUI.framework in Frameworks */,
				B68A553C190E28D90002A4CE /* CoreGraphics.framework in Frameworks */,
				B68A553E190E28D90002A4CE /* UIKit.framework in Frameworks */,
				B68A553A190E28D90002A4CE /* Foundation.framework in Frameworks */,
				4B19937F1D1145178ECDDA0C /* libPods.a in Frameworks */,
			);
			runOnlyForDeploymentPostprocessing = 0;
		};
		B68A555A190E28D90002A4CE /* Frameworks */ = {
			isa = PBXFrameworksBuildPhase;
			buildActionMask = 2147483647;
			files = (
				B68A555F190E28D90002A4CE /* XCTest.framework in Frameworks */,
				B68A5561190E28D90002A4CE /* UIKit.framework in Frameworks */,
				B68A5560190E28D90002A4CE /* Foundation.framework in Frameworks */,
			);
			runOnlyForDeploymentPostprocessing = 0;
		};
/* End PBXFrameworksBuildPhase section */

/* Begin PBXGroup section */
		B61CD5FF1918328100E172CD /* MagicalRecord */ = {
			isa = PBXGroup;
			children = (
				B61CD6001918328100E172CD /* Categories */,
				B61CD62A1918328100E172CD /* Core */,
				B61CD63C1918328100E172CD /* CoreData+MagicalRecord.h */,
			);
			name = MagicalRecord;
			path = ../MagicalRecord/MagicalRecord;
			sourceTree = "<group>";
		};
		B61CD6001918328100E172CD /* Categories */ = {
			isa = PBXGroup;
			children = (
				B61CD6011918328100E172CD /* DataImport */,
				B61CD6101918328100E172CD /* NSManagedObject */,
				B61CD61B1918328100E172CD /* NSManagedObjectContext */,
				B61CD6241918328100E172CD /* NSManagedObjectModel+MagicalRecord.h */,
				B61CD6251918328100E172CD /* NSManagedObjectModel+MagicalRecord.m */,
				B61CD6261918328100E172CD /* NSPersistentStore+MagicalRecord.h */,
				B61CD6271918328100E172CD /* NSPersistentStore+MagicalRecord.m */,
				B61CD6281918328100E172CD /* NSPersistentStoreCoordinator+MagicalRecord.h */,
				B61CD6291918328100E172CD /* NSPersistentStoreCoordinator+MagicalRecord.m */,
			);
			path = Categories;
			sourceTree = "<group>";
		};
		B61CD6011918328100E172CD /* DataImport */ = {
			isa = PBXGroup;
			children = (
				B61CD6021918328100E172CD /* MagicalImportFunctions.h */,
				B61CD6031918328100E172CD /* MagicalImportFunctions.m */,
				B61CD6041918328100E172CD /* NSAttributeDescription+MagicalDataImport.h */,
				B61CD6051918328100E172CD /* NSAttributeDescription+MagicalDataImport.m */,
				B61CD6061918328100E172CD /* NSEntityDescription+MagicalDataImport.h */,
				B61CD6071918328100E172CD /* NSEntityDescription+MagicalDataImport.m */,
				B61CD6081918328100E172CD /* NSNumber+MagicalDataImport.h */,
				B61CD6091918328100E172CD /* NSNumber+MagicalDataImport.m */,
				B61CD60A1918328100E172CD /* NSObject+MagicalDataImport.h */,
				B61CD60B1918328100E172CD /* NSObject+MagicalDataImport.m */,
				B61CD60C1918328100E172CD /* NSRelationshipDescription+MagicalDataImport.h */,
				B61CD60D1918328100E172CD /* NSRelationshipDescription+MagicalDataImport.m */,
				B61CD60E1918328100E172CD /* NSString+MagicalDataImport.h */,
				B61CD60F1918328100E172CD /* NSString+MagicalDataImport.m */,
			);
			path = DataImport;
			sourceTree = "<group>";
		};
		B61CD6101918328100E172CD /* NSManagedObject */ = {
			isa = PBXGroup;
			children = (
				B61CD6111918328100E172CD /* NSManagedObject+MagicalAggregation.h */,
				B61CD6121918328100E172CD /* NSManagedObject+MagicalAggregation.m */,
				B61CD6131918328100E172CD /* NSManagedObject+MagicalDataImport.h */,
				B61CD6141918328100E172CD /* NSManagedObject+MagicalDataImport.m */,
				B61CD6151918328100E172CD /* NSManagedObject+MagicalFinders.h */,
				B61CD6161918328100E172CD /* NSManagedObject+MagicalFinders.m */,
				B61CD6171918328100E172CD /* NSManagedObject+MagicalRecord.h */,
				B61CD6181918328100E172CD /* NSManagedObject+MagicalRecord.m */,
				B61CD6191918328100E172CD /* NSManagedObject+MagicalRequests.h */,
				B61CD61A1918328100E172CD /* NSManagedObject+MagicalRequests.m */,
			);
			path = NSManagedObject;
			sourceTree = "<group>";
		};
		B61CD61B1918328100E172CD /* NSManagedObjectContext */ = {
			isa = PBXGroup;
			children = (
				B61CD61C1918328100E172CD /* NSManagedObjectContext+MagicalObserving.h */,
				B61CD61D1918328100E172CD /* NSManagedObjectContext+MagicalObserving.m */,
				B61CD61E1918328100E172CD /* NSManagedObjectContext+MagicalRecord.h */,
				B61CD61F1918328100E172CD /* NSManagedObjectContext+MagicalRecord.m */,
				B61CD6201918328100E172CD /* NSManagedObjectContext+MagicalSaves.h */,
				B61CD6211918328100E172CD /* NSManagedObjectContext+MagicalSaves.m */,
				B61CD6221918328100E172CD /* NSManagedObjectContext+MagicalThreading.h */,
				B61CD6231918328100E172CD /* NSManagedObjectContext+MagicalThreading.m */,
			);
			path = NSManagedObjectContext;
			sourceTree = "<group>";
		};
		B61CD62A1918328100E172CD /* Core */ = {
			isa = PBXGroup;
			children = (
				B61CD62B1918328100E172CD /* MagicalRecord+Actions.h */,
				B61CD62C1918328100E172CD /* MagicalRecord+Actions.m */,
				B61CD62D1918328100E172CD /* MagicalRecord+ErrorHandling.h */,
				B61CD62E1918328100E172CD /* MagicalRecord+ErrorHandling.m */,
				B61CD62F1918328100E172CD /* MagicalRecord+iCloud.h */,
				B61CD6301918328100E172CD /* MagicalRecord+iCloud.m */,
				B61CD6311918328100E172CD /* MagicalRecord+Options.h */,
				B61CD6321918328100E172CD /* MagicalRecord+Options.m */,
				B61CD6331918328100E172CD /* MagicalRecord+Setup.h */,
				B61CD6341918328100E172CD /* MagicalRecord+Setup.m */,
				B61CD6351918328100E172CD /* MagicalRecord+ShorthandSupport.h */,
				B61CD6361918328100E172CD /* MagicalRecord+ShorthandSupport.m */,
				B61CD6371918328100E172CD /* MagicalRecord.h */,
				B61CD6381918328100E172CD /* MagicalRecord.m */,
				B61CD6391918328100E172CD /* MagicalRecordDeprecated.h */,
				B61CD63A1918328100E172CD /* MagicalRecordLogging.h */,
				B61CD63B1918328100E172CD /* MagicalRecordShorthand.h */,
			);
			path = Core;
			sourceTree = "<group>";
		};
		B63926A61914070800AC48D0 /* Model */ = {
			isa = PBXGroup;
			children = (
				B61CD6641918BB2600E172CD /* Hole.h */,
				B61CD6651918BB2600E172CD /* Hole.m */,
				B63926A31914065A00AC48D0 /* Game+init.h */,
				B63926A41914065A00AC48D0 /* Game+init.m */,
				B63926A71914081000AC48D0 /* Player+create.h */,
				B63926A81914081000AC48D0 /* Player+create.m */,
				B639268E1911715100AC48D0 /* Model.xcdatamodeld */,
				B61CD65E1918B78E00E172CD /* Player.h */,
				B61CD65F1918B78E00E172CD /* Player.m */,
				B61CD6611918B78E00E172CD /* Game.h */,
				B61CD6621918B78E00E172CD /* Game.m */,
			);
			name = Model;
			sourceTree = "<group>";
		};
		B68A552D190E28D90002A4CE = {
			isa = PBXGroup;
			children = (
				B61CD5FF1918328100E172CD /* MagicalRecord */,
				B68A553F190E28D90002A4CE /* CaddieMennecy */,
				B68A5564190E28D90002A4CE /* CaddieMennecyTests */,
				B68A5538190E28D90002A4CE /* Frameworks */,
				B68A5537190E28D90002A4CE /* Products */,
				BD3FD21268864AE7AA7CD4A3 /* Pods.xcconfig */,
			);
			sourceTree = "<group>";
		};
		B68A5537190E28D90002A4CE /* Products */ = {
			isa = PBXGroup;
			children = (
				B68A5536190E28D90002A4CE /* CaddieMennecy.app */,
				B68A555D190E28D90002A4CE /* CaddieMennecyTests.xctest */,
			);
			name = Products;
			sourceTree = "<group>";
		};
		B68A5538190E28D90002A4CE /* Frameworks */ = {
			isa = PBXGroup;
			children = (
				B61CD5FD19182E2800E172CD /* CoreData.framework */,
				B62EECB6190F7D3500390F0D /* AddressBook.framework */,
				B62EECB7190F7D3500390F0D /* AddressBookUI.framework */,
				B68A5539190E28D90002A4CE /* Foundation.framework */,
				B68A553B190E28D90002A4CE /* CoreGraphics.framework */,
				B68A553D190E28D90002A4CE /* UIKit.framework */,
				B68A555E190E28D90002A4CE /* XCTest.framework */,
				52F4352125AD4C28BD64781E /* libPods.a */,
			);
			name = Frameworks;
			sourceTree = "<group>";
		};
		B68A553F190E28D90002A4CE /* CaddieMennecy */ = {
			isa = PBXGroup;
			children = (
				B61CD6571918339700E172CD /* EXTGlobal.h */,
				B68A5548190E28D90002A4CE /* EXTAppDelegate.h */,
				B68A5549190E28D90002A4CE /* EXTAppDelegate.m */,
				B639269A19136ED000AC48D0 /* EXTHomeViewController.h */,
				B639269B19136ED000AC48D0 /* EXTHomeViewController.m */,
				B62EECB3190F7BA300390F0D /* EXTGameViewController.h */,
				B62EECB4190F7BA300390F0D /* EXTGameViewController.m */,
				B62EECC0190F88DC00390F0D /* EXTPlayersViewController.h */,
				B62EECC1190F88DC00390F0D /* EXTPlayersViewController.m */,
				B639269719136D8000AC48D0 /* EXTOldGamesTableViewController.h */,
				B639269819136D8000AC48D0 /* EXTOldGamesTableViewController.m */,
				B68A554B190E28D90002A4CE /* EXTHolesRootViewController.h */,
				B68A554C190E28D90002A4CE /* EXTHolesRootViewController.m */,
				B68A554E190E28D90002A4CE /* EXTHoleDataViewController.h */,
				B68A554F190E28D90002A4CE /* EXTHoleDataViewController.m */,
				B68A5551190E28D90002A4CE /* EXTModelController.h */,
				B68A5552190E28D90002A4CE /* EXTModelController.m */,
				B68A5554190E28D90002A4CE /* Main.storyboard */,
				B68A5557190E28D90002A4CE /* Images.xcassets */,
				B63926A61914070800AC48D0 /* Model */,
				B68A5540190E28D90002A4CE /* Supporting Files */,
			);
			path = CaddieMennecy;
			sourceTree = "<group>";
		};
		B68A5540190E28D90002A4CE /* Supporting Files */ = {
			isa = PBXGroup;
			children = (
				B68A5541190E28D90002A4CE /* CaddieMennecy-Info.plist */,
				B68A5542190E28D90002A4CE /* InfoPlist.strings */,
				B68A5545190E28D90002A4CE /* main.m */,
				B68A5547190E28D90002A4CE /* CaddieMennecy-Prefix.pch */,
			);
			name = "Supporting Files";
			sourceTree = "<group>";
		};
		B68A5564190E28D90002A4CE /* CaddieMennecyTests */ = {
			isa = PBXGroup;
			children = (
				B68A556A190E28D90002A4CE /* CaddieMennecyTests.m */,
				B68A5565190E28D90002A4CE /* Supporting Files */,
			);
			path = CaddieMennecyTests;
			sourceTree = "<group>";
		};
		B68A5565190E28D90002A4CE /* Supporting Files */ = {
			isa = PBXGroup;
			children = (
				B68A5566190E28D90002A4CE /* CaddieMennecyTests-Info.plist */,
				B68A5567190E28D90002A4CE /* InfoPlist.strings */,
			);
			name = "Supporting Files";
			sourceTree = "<group>";
		};
/* End PBXGroup section */

/* Begin PBXNativeTarget section */
		B68A5535190E28D90002A4CE /* CaddieMennecy */ = {
			isa = PBXNativeTarget;
			buildConfigurationList = B68A556E190E28D90002A4CE /* Build configuration list for PBXNativeTarget "CaddieMennecy" */;
			buildPhases = (
				B68A5532190E28D90002A4CE /* Sources */,
				B68A5533190E28D90002A4CE /* Frameworks */,
				B68A5534190E28D90002A4CE /* Resources */,
				0F16F54F9CC24FDEA33C4A74 /* Copy Pods Resources */,
			);
			buildRules = (
			);
			dependencies = (
			);
			name = CaddieMennecy;
			productName = CaddieMennecy;
			productReference = B68A5536190E28D90002A4CE /* CaddieMennecy.app */;
			productType = "com.apple.product-type.application";
		};
		B68A555C190E28D90002A4CE /* CaddieMennecyTests */ = {
			isa = PBXNativeTarget;
			buildConfigurationList = B68A5571190E28D90002A4CE /* Build configuration list for PBXNativeTarget "CaddieMennecyTests" */;
			buildPhases = (
				B68A5559190E28D90002A4CE /* Sources */,
				B68A555A190E28D90002A4CE /* Frameworks */,
				B68A555B190E28D90002A4CE /* Resources */,
			);
			buildRules = (
			);
			dependencies = (
				B68A5563190E28D90002A4CE /* PBXTargetDependency */,
			);
			name = CaddieMennecyTests;
			productName = CaddieMennecyTests;
			productReference = B68A555D190E28D90002A4CE /* CaddieMennecyTests.xctest */;
			productType = "com.apple.product-type.bundle.unit-test";
		};
/* End PBXNativeTarget section */

/* Begin PBXProject section */
		B68A552E190E28D90002A4CE /* Project object */ = {
			isa = PBXProject;
			attributes = {
				CLASSPREFIX = EXT;
				LastUpgradeCheck = 0510;
				ORGANIZATIONNAME = "Frédéric Leroy";
				TargetAttributes = {
					B68A5535190E28D90002A4CE = {
						DevelopmentTeam = 3CX4H4KREM;
					};
					B68A555C190E28D90002A4CE = {
						TestTargetID = B68A5535190E28D90002A4CE;
					};
				};
			};
			buildConfigurationList = B68A5531190E28D90002A4CE /* Build configuration list for PBXProject "CaddieMennecy" */;
			compatibilityVersion = "Xcode 3.2";
			developmentRegion = English;
			hasScannedForEncodings = 0;
			knownRegions = (
				en,
				Base,
			);
			mainGroup = B68A552D190E28D90002A4CE;
			productRefGroup = B68A5537190E28D90002A4CE /* Products */;
			projectDirPath = "";
			projectRoot = "";
			targets = (
				B68A5535190E28D90002A4CE /* CaddieMennecy */,
				B68A555C190E28D90002A4CE /* CaddieMennecyTests */,
			);
		};
/* End PBXProject section */

/* Begin PBXResourcesBuildPhase section */
		B68A5534190E28D90002A4CE /* Resources */ = {
			isa = PBXResourcesBuildPhase;
			buildActionMask = 2147483647;
			files = (
				B68A5558190E28D90002A4CE /* Images.xcassets in Resources */,
				B68A5544190E28D90002A4CE /* InfoPlist.strings in Resources */,
				B68A5556190E28D90002A4CE /* Main.storyboard in Resources */,
			);
			runOnlyForDeploymentPostprocessing = 0;
		};
		B68A555B190E28D90002A4CE /* Resources */ = {
			isa = PBXResourcesBuildPhase;
			buildActionMask = 2147483647;
			files = (
				B68A5569190E28D90002A4CE /* InfoPlist.strings in Resources */,
			);
			runOnlyForDeploymentPostprocessing = 0;
		};
/* End PBXResourcesBuildPhase section */

/* Begin PBXShellScriptBuildPhase section */
		0F16F54F9CC24FDEA33C4A74 /* Copy Pods Resources */ = {
			isa = PBXShellScriptBuildPhase;
			buildActionMask = 2147483647;
			files = (
			);
			inputPaths = (
			);
			name = "Copy Pods Resources";
			outputPaths = (
			);
			runOnlyForDeploymentPostprocessing = 0;
			shellPath = /bin/sh;
			shellScript = "\"${SRCROOT}/Pods/Pods-resources.sh\"\n";
			showEnvVarsInLog = 0;
		};
/* End PBXShellScriptBuildPhase section */

/* Begin PBXSourcesBuildPhase section */
		B68A5532190E28D90002A4CE /* Sources */ = {
			isa = PBXSourcesBuildPhase;
			buildActionMask = 2147483647;
			files = (
				B68A5550190E28D90002A4CE /* EXTHoleDataViewController.m in Sources */,
				B61CD6521918328100E172CD /* MagicalRecord+iCloud.m in Sources */,
				B61CD6421918328100E172CD /* NSRelationshipDescription+MagicalDataImport.m in Sources */,
				B61CD6661918BB2600E172CD /* Hole.m in Sources */,
				B639269919136D8000AC48D0 /* EXTOldGamesTableViewController.m in Sources */,
				B61CD64B1918328100E172CD /* NSManagedObjectContext+MagicalSaves.m in Sources */,
				B61CD64D1918328100E172CD /* NSManagedObjectModel+MagicalRecord.m in Sources */,
				B68A554A190E28D90002A4CE /* EXTAppDelegate.m in Sources */,
				B61CD64C1918328100E172CD /* NSManagedObjectContext+MagicalThreading.m in Sources */,
				B62EECB5190F7BA300390F0D /* EXTGameViewController.m in Sources */,
				B61CD6471918328100E172CD /* NSManagedObject+MagicalRecord.m in Sources */,
				B61CD6431918328100E172CD /* NSString+MagicalDataImport.m in Sources */,
				B61CD6411918328100E172CD /* NSObject+MagicalDataImport.m in Sources */,
				B63926A91914081000AC48D0 /* Player+create.m in Sources */,
				B61CD63D1918328100E172CD /* MagicalImportFunctions.m in Sources */,
				B61CD6531918328100E172CD /* MagicalRecord+Options.m in Sources */,
				B61CD64F1918328100E172CD /* NSPersistentStoreCoordinator+MagicalRecord.m in Sources */,
				B639269C19136ED000AC48D0 /* EXTHomeViewController.m in Sources */,
				B62EECC2190F88DC00390F0D /* EXTPlayersViewController.m in Sources */,
				B61CD6541918328100E172CD /* MagicalRecord+Setup.m in Sources */,
				B61CD6451918328100E172CD /* NSManagedObject+MagicalDataImport.m in Sources */,
				B61CD6491918328100E172CD /* NSManagedObjectContext+MagicalObserving.m in Sources */,
				B68A5553190E28D90002A4CE /* EXTModelController.m in Sources */,
				B63926A51914065A00AC48D0 /* Game+init.m in Sources */,
				B61CD6401918328100E172CD /* NSNumber+MagicalDataImport.m in Sources */,
				B61CD6601918B78E00E172CD /* Player.m in Sources */,
				B61CD6461918328100E172CD /* NSManagedObject+MagicalFinders.m in Sources */,
				B61CD6551918328100E172CD /* MagicalRecord+ShorthandSupport.m in Sources */,
				B61CD64A1918328100E172CD /* NSManagedObjectContext+MagicalRecord.m in Sources */,
				B63926901911715100AC48D0 /* Model.xcdatamodeld in Sources */,
				B61CD63E1918328100E172CD /* NSAttributeDescription+MagicalDataImport.m in Sources */,
				B61CD64E1918328100E172CD /* NSPersistentStore+MagicalRecord.m in Sources */,
				B61CD6561918328100E172CD /* MagicalRecord.m in Sources */,
				B68A5546190E28D90002A4CE /* main.m in Sources */,
				B61CD6511918328100E172CD /* MagicalRecord+ErrorHandling.m in Sources */,
				B61CD6501918328100E172CD /* MagicalRecord+Actions.m in Sources */,
				B61CD6631918B78E00E172CD /* Game.m in Sources */,
				B61CD6481918328100E172CD /* NSManagedObject+MagicalRequests.m in Sources */,
				B61CD6441918328100E172CD /* NSManagedObject+MagicalAggregation.m in Sources */,
				B61CD63F1918328100E172CD /* NSEntityDescription+MagicalDataImport.m in Sources */,
				B68A554D190E28D90002A4CE /* EXTHolesRootViewController.m in Sources */,
			);
			runOnlyForDeploymentPostprocessing = 0;
		};
		B68A5559190E28D90002A4CE /* Sources */ = {
			isa = PBXSourcesBuildPhase;
			buildActionMask = 2147483647;
			files = (
				B68A556B190E28D90002A4CE /* CaddieMennecyTests.m in Sources */,
			);
			runOnlyForDeploymentPostprocessing = 0;
		};
/* End PBXSourcesBuildPhase section */

/* Begin PBXTargetDependency section */
		B68A5563190E28D90002A4CE /* PBXTargetDependency */ = {
			isa = PBXTargetDependency;
			target = B68A5535190E28D90002A4CE /* CaddieMennecy */;
			targetProxy = B68A5562190E28D90002A4CE /* PBXContainerItemProxy */;
		};
/* End PBXTargetDependency section */

/* Begin PBXVariantGroup section */
		B68A5542190E28D90002A4CE /* InfoPlist.strings */ = {
			isa = PBXVariantGroup;
			children = (
				B68A5543190E28D90002A4CE /* en */,
			);
			name = InfoPlist.strings;
			sourceTree = "<group>";
		};
		B68A5554190E28D90002A4CE /* Main.storyboard */ = {
			isa = PBXVariantGroup;
			children = (
				B68A5555190E28D90002A4CE /* Base */,
			);
			name = Main.storyboard;
			sourceTree = "<group>";
		};
		B68A5567190E28D90002A4CE /* InfoPlist.strings */ = {
			isa = PBXVariantGroup;
			children = (
				B68A5568190E28D90002A4CE /* en */,
			);
			name = InfoPlist.strings;
			sourceTree = "<group>";
		};
/* End PBXVariantGroup section */

/* Begin XCBuildConfiguration section */
		B68A556C190E28D90002A4CE /* Debug */ = {
			isa = XCBuildConfiguration;
			baseConfigurationReference = BD3FD21268864AE7AA7CD4A3 /* Pods.xcconfig */;
			buildSettings = {
				ALWAYS_SEARCH_USER_PATHS = NO;
				CLANG_CXX_LANGUAGE_STANDARD = "gnu++0x";
				CLANG_CXX_LIBRARY = "libc++";
				CLANG_ENABLE_MODULES = YES;
				CLANG_ENABLE_OBJC_ARC = YES;
				CLANG_WARN_BOOL_CONVERSION = YES;
				CLANG_WARN_CONSTANT_CONVERSION = YES;
				CLANG_WARN_DIRECT_OBJC_ISA_USAGE = YES_ERROR;
				CLANG_WARN_EMPTY_BODY = YES;
				CLANG_WARN_ENUM_CONVERSION = YES;
				CLANG_WARN_INT_CONVERSION = YES;
				CLANG_WARN_OBJC_ROOT_CLASS = YES_ERROR;
				CLANG_WARN__DUPLICATE_METHOD_MATCH = YES;
				"CODE_SIGN_IDENTITY[sdk=iphoneos*]" = "iPhone Developer";
				COPY_PHASE_STRIP = NO;
				GCC_C_LANGUAGE_STANDARD = gnu99;
				GCC_DYNAMIC_NO_PIC = NO;
				GCC_OPTIMIZATION_LEVEL = 0;
				GCC_PREPROCESSOR_DEFINITIONS = (
					"DEBUG=1",
					"$(inherited)",
				);
				GCC_SYMBOLS_PRIVATE_EXTERN = NO;
				GCC_WARN_64_TO_32_BIT_CONVERSION = YES;
				GCC_WARN_ABOUT_RETURN_TYPE = YES_ERROR;
				GCC_WARN_UNDECLARED_SELECTOR = YES;
				GCC_WARN_UNINITIALIZED_AUTOS = YES_AGGRESSIVE;
				GCC_WARN_UNUSED_FUNCTION = YES;
				GCC_WARN_UNUSED_VARIABLE = YES;
				IPHONEOS_DEPLOYMENT_TARGET = 7.1;
				ONLY_ACTIVE_ARCH = YES;
				SDKROOT = iphoneos;
			};
			name = Debug;
		};
		B68A556D190E28D90002A4CE /* Release */ = {
			isa = XCBuildConfiguration;
			baseConfigurationReference = BD3FD21268864AE7AA7CD4A3 /* Pods.xcconfig */;
			buildSettings = {
				ALWAYS_SEARCH_USER_PATHS = NO;
				CLANG_CXX_LANGUAGE_STANDARD = "gnu++0x";
				CLANG_CXX_LIBRARY = "libc++";
				CLANG_ENABLE_MODULES = YES;
				CLANG_ENABLE_OBJC_ARC = YES;
				CLANG_WARN_BOOL_CONVERSION = YES;
				CLANG_WARN_CONSTANT_CONVERSION = YES;
				CLANG_WARN_DIRECT_OBJC_ISA_USAGE = YES_ERROR;
				CLANG_WARN_EMPTY_BODY = YES;
				CLANG_WARN_ENUM_CONVERSION = YES;
				CLANG_WARN_INT_CONVERSION = YES;
				CLANG_WARN_OBJC_ROOT_CLASS = YES_ERROR;
				CLANG_WARN__DUPLICATE_METHOD_MATCH = YES;
				"CODE_SIGN_IDENTITY[sdk=iphoneos*]" = "iPhone Developer";
				COPY_PHASE_STRIP = YES;
				ENABLE_NS_ASSERTIONS = NO;
				GCC_C_LANGUAGE_STANDARD = gnu99;
				GCC_WARN_64_TO_32_BIT_CONVERSION = YES;
				GCC_WARN_ABOUT_RETURN_TYPE = YES_ERROR;
				GCC_WARN_UNDECLARED_SELECTOR = YES;
				GCC_WARN_UNINITIALIZED_AUTOS = YES_AGGRESSIVE;
				GCC_WARN_UNUSED_FUNCTION = YES;
				GCC_WARN_UNUSED_VARIABLE = YES;
				IPHONEOS_DEPLOYMENT_TARGET = 7.1;
				SDKROOT = iphoneos;
				VALIDATE_PRODUCT = YES;
			};
			name = Release;
		};
		B68A556F190E28D90002A4CE /* Debug */ = {
			isa = XCBuildConfiguration;
			buildSettings = {
				ASSETCATALOG_COMPILER_APPICON_NAME = AppIcon;
				ASSETCATALOG_COMPILER_LAUNCHIMAGE_NAME = LaunchImage;
				CODE_SIGN_IDENTITY = "iPhone Developer";
				GCC_PRECOMPILE_PREFIX_HEADER = YES;
				GCC_PREFIX_HEADER = "CaddieMennecy/CaddieMennecy-Prefix.pch";
				INFOPLIST_FILE = "CaddieMennecy/CaddieMennecy-Info.plist";
				PRODUCT_NAME = "$(TARGET_NAME)";
				WRAPPER_EXTENSION = app;
			};
			name = Debug;
		};
		B68A5570190E28D90002A4CE /* Release */ = {
			isa = XCBuildConfiguration;
			buildSettings = {
				ASSETCATALOG_COMPILER_APPICON_NAME = AppIcon;
				ASSETCATALOG_COMPILER_LAUNCHIMAGE_NAME = LaunchImage;
				CODE_SIGN_IDENTITY = "iPhone Developer";
				GCC_PRECOMPILE_PREFIX_HEADER = YES;
				GCC_PREFIX_HEADER = "CaddieMennecy/CaddieMennecy-Prefix.pch";
				INFOPLIST_FILE = "CaddieMennecy/CaddieMennecy-Info.plist";
				PRODUCT_NAME = "$(TARGET_NAME)";
				WRAPPER_EXTENSION = app;
			};
			name = Release;
		};
		B68A5572190E28D90002A4CE /* Debug */ = {
			isa = XCBuildConfiguration;
			buildSettings = {
				BUNDLE_LOADER = "$(BUILT_PRODUCTS_DIR)/CaddieMennecy.app/CaddieMennecy";
				FRAMEWORK_SEARCH_PATHS = (
					"$(SDKROOT)/Developer/Library/Frameworks",
					"$(inherited)",
					"$(DEVELOPER_FRAMEWORKS_DIR)",
				);
				GCC_PRECOMPILE_PREFIX_HEADER = YES;
				GCC_PREFIX_HEADER = "CaddieMennecy/CaddieMennecy-Prefix.pch";
				GCC_PREPROCESSOR_DEFINITIONS = (
					"DEBUG=1",
					"$(inherited)",
				);
				INFOPLIST_FILE = "CaddieMennecyTests/CaddieMennecyTests-Info.plist";
				PRODUCT_NAME = "$(TARGET_NAME)";
				TEST_HOST = "$(BUNDLE_LOADER)";
				WRAPPER_EXTENSION = xctest;
			};
			name = Debug;
		};
		B68A5573190E28D90002A4CE /* Release */ = {
			isa = XCBuildConfiguration;
			buildSettings = {
				BUNDLE_LOADER = "$(BUILT_PRODUCTS_DIR)/CaddieMennecy.app/CaddieMennecy";
				FRAMEWORK_SEARCH_PATHS = (
					"$(SDKROOT)/Developer/Library/Frameworks",
					"$(inherited)",
					"$(DEVELOPER_FRAMEWORKS_DIR)",
				);
				GCC_PRECOMPILE_PREFIX_HEADER = YES;
				GCC_PREFIX_HEADER = "CaddieMennecy/CaddieMennecy-Prefix.pch";
				INFOPLIST_FILE = "CaddieMennecyTests/CaddieMennecyTests-Info.plist";
				PRODUCT_NAME = "$(TARGET_NAME)";
				TEST_HOST = "$(BUNDLE_LOADER)";
				WRAPPER_EXTENSION = xctest;
			};
			name = Release;
		};
/* End XCBuildConfiguration section */

/* Begin XCConfigurationList section */
		B68A5531190E28D90002A4CE /* Build configuration list for PBXProject "CaddieMennecy" */ = {
			isa = XCConfigurationList;
			buildConfigurations = (
				B68A556C190E28D90002A4CE /* Debug */,
				B68A556D190E28D90002A4CE /* Release */,
			);
			defaultConfigurationIsVisible = 0;
			defaultConfigurationName = Release;
		};
		B68A556E190E28D90002A4CE /* Build configuration list for PBXNativeTarget "CaddieMennecy" */ = {
			isa = XCConfigurationList;
			buildConfigurations = (
				B68A556F190E28D90002A4CE /* Debug */,
				B68A5570190E28D90002A4CE /* Release */,
			);
			defaultConfigurationIsVisible = 0;
			defaultConfigurationName = Release;
		};
		B68A5571190E28D90002A4CE /* Build configuration list for PBXNativeTarget "CaddieMennecyTests" */ = {
			isa = XCConfigurationList;
			buildConfigurations = (
				B68A5572190E28D90002A4CE /* Debug */,
				B68A5573190E28D90002A4CE /* Release */,
			);
			defaultConfigurationIsVisible = 0;
			defaultConfigurationName = Release;
		};
/* End XCConfigurationList section */

/* Begin XCVersionGroup section */
		B639268E1911715100AC48D0 /* Model.xcdatamodeld */ = {
			isa = XCVersionGroup;
			children = (
				B639268F1911715100AC48D0 /* Model.xcdatamodel */,
			);
			currentVersion = B639268F1911715100AC48D0 /* Model.xcdatamodel */;
			path = Model.xcdatamodeld;
			sourceTree = "<group>";
			versionGroupType = wrapper.xcdatamodel;
		};
/* End XCVersionGroup section */
	};
	rootObject = B68A552E190E28D90002A4CE /* Project object */;
}
