// !$*UTF8*$!
{
	archiveVersion = 1;
	classes = {
	};
	objectVersion = 46;
	objects = {

/* Begin PBXBuildFile section */
		B68A553A190E28D90002A4CE /* Foundation.framework in Frameworks */ = {isa = PBXBuildFile; fileRef = B68A5539190E28D90002A4CE /* Foundation.framework */; };
		B68A553C190E28D90002A4CE /* CoreGraphics.framework in Frameworks */ = {isa = PBXBuildFile; fileRef = B68A553B190E28D90002A4CE /* CoreGraphics.framework */; };
		B68A553E190E28D90002A4CE /* UIKit.framework in Frameworks */ = {isa = PBXBuildFile; fileRef = B68A553D190E28D90002A4CE /* UIKit.framework */; };
		B68A5544190E28D90002A4CE /* InfoPlist.strings in Resources */ = {isa = PBXBuildFile; fileRef = B68A5542190E28D90002A4CE /* InfoPlist.strings */; };
		B68A5546190E28D90002A4CE /* main.m in Sources */ = {isa = PBXBuildFile; fileRef = B68A5545190E28D90002A4CE /* main.m */; };
		B68A554A190E28D90002A4CE /* EXTAppDelegate.m in Sources */ = {isa = PBXBuildFile; fileRef = B68A5549190E28D90002A4CE /* EXTAppDelegate.m */; };
		B68A554D190E28D90002A4CE /* EXTRootViewController.m in Sources */ = {isa = PBXBuildFile; fileRef = B68A554C190E28D90002A4CE /* EXTRootViewController.m */; };
		B68A5550190E28D90002A4CE /* EXTDataViewController.m in Sources */ = {isa = PBXBuildFile; fileRef = B68A554F190E28D90002A4CE /* EXTDataViewController.m */; };
		B68A5553190E28D90002A4CE /* EXTModelController.m in Sources */ = {isa = PBXBuildFile; fileRef = B68A5552190E28D90002A4CE /* EXTModelController.m */; };
		B68A5556190E28D90002A4CE /* Main.storyboard in Resources */ = {isa = PBXBuildFile; fileRef = B68A5554190E28D90002A4CE /* Main.storyboard */; };
		B68A5558190E28D90002A4CE /* Images.xcassets in Resources */ = {isa = PBXBuildFile; fileRef = B68A5557190E28D90002A4CE /* Images.xcassets */; };
		B68A555F190E28D90002A4CE /* XCTest.framework in Frameworks */ = {isa = PBXBuildFile; fileRef = B68A555E190E28D90002A4CE /* XCTest.framework */; };
		B68A5560190E28D90002A4CE /* Foundation.framework in Frameworks */ = {isa = PBXBuildFile; fileRef = B68A5539190E28D90002A4CE /* Foundation.framework */; };
		B68A5561190E28D90002A4CE /* UIKit.framework in Frameworks */ = {isa = PBXBuildFile; fileRef = B68A553D190E28D90002A4CE /* UIKit.framework */; };
		B68A5569190E28D90002A4CE /* InfoPlist.strings in Resources */ = {isa = PBXBuildFile; fileRef = B68A5567190E28D90002A4CE /* InfoPlist.strings */; };
		B68A556B190E28D90002A4CE /* CaddieMennecyTests.m in Sources */ = {isa = PBXBuildFile; fileRef = B68A556A190E28D90002A4CE /* CaddieMennecyTests.m */; };
/* End PBXBuildFile section */

/* Begin PBXContainerItemProxy section */
		B68A5562190E28D90002A4CE /* PBXContainerItemProxy */ = {
			isa = PBXContainerItemProxy;
			containerPortal = B68A552E190E28D90002A4CE /* Project object */;
			proxyType = 1;
			remoteGlobalIDString = B68A5535190E28D90002A4CE;
			remoteInfo = CaddieMennecy;
		};
/* End PBXContainerItemProxy section */

/* Begin PBXFileReference section */
		B68A5536190E28D90002A4CE /* CaddieMennecy.app */ = {isa = PBXFileReference; explicitFileType = wrapper.application; includeInIndex = 0; path = CaddieMennecy.app; sourceTree = BUILT_PRODUCTS_DIR; };
		B68A5539190E28D90002A4CE /* Foundation.framework */ = {isa = PBXFileReference; lastKnownFileType = wrapper.framework; name = Foundation.framework; path = System/Library/Frameworks/Foundation.framework; sourceTree = SDKROOT; };
		B68A553B190E28D90002A4CE /* CoreGraphics.framework */ = {isa = PBXFileReference; lastKnownFileType = wrapper.framework; name = CoreGraphics.framework; path = System/Library/Frameworks/CoreGraphics.framework; sourceTree = SDKROOT; };
		B68A553D190E28D90002A4CE /* UIKit.framework */ = {isa = PBXFileReference; lastKnownFileType = wrapper.framework; name = UIKit.framework; path = System/Library/Frameworks/UIKit.framework; sourceTree = SDKROOT; };
		B68A5541190E28D90002A4CE /* CaddieMennecy-Info.plist */ = {isa = PBXFileReference; lastKnownFileType = text.plist.xml; path = "CaddieMennecy-Info.plist"; sourceTree = "<group>"; };
		B68A5543190E28D90002A4CE /* en */ = {isa = PBXFileReference; lastKnownFileType = text.plist.strings; name = en; path = en.lproj/InfoPlist.strings; sourceTree = "<group>"; };
		B68A5545190E28D90002A4CE /* main.m */ = {isa = PBXFileReference; lastKnownFileType = sourcecode.c.objc; path = main.m; sourceTree = "<group>"; };
		B68A5547190E28D90002A4CE /* CaddieMennecy-Prefix.pch */ = {isa = PBXFileReference; lastKnownFileType = sourcecode.c.h; path = "CaddieMennecy-Prefix.pch"; sourceTree = "<group>"; };
		B68A5548190E28D90002A4CE /* EXTAppDelegate.h */ = {isa = PBXFileReference; lastKnownFileType = sourcecode.c.h; path = EXTAppDelegate.h; sourceTree = "<group>"; };
		B68A5549190E28D90002A4CE /* EXTAppDelegate.m */ = {isa = PBXFileReference; lastKnownFileType = sourcecode.c.objc; path = EXTAppDelegate.m; sourceTree = "<group>"; };
		B68A554B190E28D90002A4CE /* EXTRootViewController.h */ = {isa = PBXFileReference; lastKnownFileType = sourcecode.c.h; path = EXTRootViewController.h; sourceTree = "<group>"; };
		B68A554C190E28D90002A4CE /* EXTRootViewController.m */ = {isa = PBXFileReference; lastKnownFileType = sourcecode.c.objc; path = EXTRootViewController.m; sourceTree = "<group>"; };
		B68A554E190E28D90002A4CE /* EXTDataViewController.h */ = {isa = PBXFileReference; lastKnownFileType = sourcecode.c.h; path = EXTDataViewController.h; sourceTree = "<group>"; };
		B68A554F190E28D90002A4CE /* EXTDataViewController.m */ = {isa = PBXFileReference; lastKnownFileType = sourcecode.c.objc; path = EXTDataViewController.m; sourceTree = "<group>"; };
		B68A5551190E28D90002A4CE /* EXTModelController.h */ = {isa = PBXFileReference; lastKnownFileType = sourcecode.c.h; path = EXTModelController.h; sourceTree = "<group>"; };
		B68A5552190E28D90002A4CE /* EXTModelController.m */ = {isa = PBXFileReference; lastKnownFileType = sourcecode.c.objc; path = EXTModelController.m; sourceTree = "<group>"; };
		B68A5555190E28D90002A4CE /* Base */ = {isa = PBXFileReference; lastKnownFileType = file.storyboard; name = Base; path = Base.lproj/Main.storyboard; sourceTree = "<group>"; };
		B68A5557190E28D90002A4CE /* Images.xcassets */ = {isa = PBXFileReference; lastKnownFileType = folder.assetcatalog; path = Images.xcassets; sourceTree = "<group>"; };
		B68A555D190E28D90002A4CE /* CaddieMennecyTests.xctest */ = {isa = PBXFileReference; explicitFileType = wrapper.cfbundle; includeInIndex = 0; path = CaddieMennecyTests.xctest; sourceTree = BUILT_PRODUCTS_DIR; };
		B68A555E190E28D90002A4CE /* XCTest.framework */ = {isa = PBXFileReference; lastKnownFileType = wrapper.framework; name = XCTest.framework; path = Library/Frameworks/XCTest.framework; sourceTree = DEVELOPER_DIR; };
		B68A5566190E28D90002A4CE /* CaddieMennecyTests-Info.plist */ = {isa = PBXFileReference; lastKnownFileType = text.plist.xml; path = "CaddieMennecyTests-Info.plist"; sourceTree = "<group>"; };
		B68A5568190E28D90002A4CE /* en */ = {isa = PBXFileReference; lastKnownFileType = text.plist.strings; name = en; path = en.lproj/InfoPlist.strings; sourceTree = "<group>"; };
		B68A556A190E28D90002A4CE /* CaddieMennecyTests.m */ = {isa = PBXFileReference; lastKnownFileType = sourcecode.c.objc; path = CaddieMennecyTests.m; sourceTree = "<group>"; };
/* End PBXFileReference section */

/* Begin PBXFrameworksBuildPhase section */
		B68A5533190E28D90002A4CE /* Frameworks */ = {
			isa = PBXFrameworksBuildPhase;
			buildActionMask = 2147483647;
			files = (
				B68A553C190E28D90002A4CE /* CoreGraphics.framework in Frameworks */,
				B68A553E190E28D90002A4CE /* UIKit.framework in Frameworks */,
				B68A553A190E28D90002A4CE /* Foundation.framework in Frameworks */,
			);
			runOnlyForDeploymentPostprocessing = 0;
		};
		B68A555A190E28D90002A4CE /* Frameworks */ = {
			isa = PBXFrameworksBuildPhase;
			buildActionMask = 2147483647;
			files = (
				B68A555F190E28D90002A4CE /* XCTest.framework in Frameworks */,
				B68A5561190E28D90002A4CE /* UIKit.framework in Frameworks */,
				B68A5560190E28D90002A4CE /* Foundation.framework in Frameworks */,
			);
			runOnlyForDeploymentPostprocessing = 0;
		};
/* End PBXFrameworksBuildPhase section */

/* Begin PBXGroup section */
		B68A552D190E28D90002A4CE = {
			isa = PBXGroup;
			children = (
				B68A553F190E28D90002A4CE /* CaddieMennecy */,
				B68A5564190E28D90002A4CE /* CaddieMennecyTests */,
				B68A5538190E28D90002A4CE /* Frameworks */,
				B68A5537190E28D90002A4CE /* Products */,
			);
			sourceTree = "<group>";
		};
		B68A5537190E28D90002A4CE /* Products */ = {
			isa = PBXGroup;
			children = (
				B68A5536190E28D90002A4CE /* CaddieMennecy.app */,
				B68A555D190E28D90002A4CE /* CaddieMennecyTests.xctest */,
			);
			name = Products;
			sourceTree = "<group>";
		};
		B68A5538190E28D90002A4CE /* Frameworks */ = {
			isa = PBXGroup;
			children = (
				B68A5539190E28D90002A4CE /* Foundation.framework */,
				B68A553B190E28D90002A4CE /* CoreGraphics.framework */,
				B68A553D190E28D90002A4CE /* UIKit.framework */,
				B68A555E190E28D90002A4CE /* XCTest.framework */,
			);
			name = Frameworks;
			sourceTree = "<group>";
		};
		B68A553F190E28D90002A4CE /* CaddieMennecy */ = {
			isa = PBXGroup;
			children = (
				B68A5548190E28D90002A4CE /* EXTAppDelegate.h */,
				B68A5549190E28D90002A4CE /* EXTAppDelegate.m */,
				B68A554B190E28D90002A4CE /* EXTRootViewController.h */,
				B68A554C190E28D90002A4CE /* EXTRootViewController.m */,
				B68A554E190E28D90002A4CE /* EXTDataViewController.h */,
				B68A554F190E28D90002A4CE /* EXTDataViewController.m */,
				B68A5551190E28D90002A4CE /* EXTModelController.h */,
				B68A5552190E28D90002A4CE /* EXTModelController.m */,
				B68A5554190E28D90002A4CE /* Main.storyboard */,
				B68A5557190E28D90002A4CE /* Images.xcassets */,
				B68A5540190E28D90002A4CE /* Supporting Files */,
			);
			path = CaddieMennecy;
			sourceTree = "<group>";
		};
		B68A5540190E28D90002A4CE /* Supporting Files */ = {
			isa = PBXGroup;
			children = (
				B68A5541190E28D90002A4CE /* CaddieMennecy-Info.plist */,
				B68A5542190E28D90002A4CE /* InfoPlist.strings */,
				B68A5545190E28D90002A4CE /* main.m */,
				B68A5547190E28D90002A4CE /* CaddieMennecy-Prefix.pch */,
			);
			name = "Supporting Files";
			sourceTree = "<group>";
		};
		B68A5564190E28D90002A4CE /* CaddieMennecyTests */ = {
			isa = PBXGroup;
			children = (
				B68A556A190E28D90002A4CE /* CaddieMennecyTests.m */,
				B68A5565190E28D90002A4CE /* Supporting Files */,
			);
			path = CaddieMennecyTests;
			sourceTree = "<group>";
		};
		B68A5565190E28D90002A4CE /* Supporting Files */ = {
			isa = PBXGroup;
			children = (
				B68A5566190E28D90002A4CE /* CaddieMennecyTests-Info.plist */,
				B68A5567190E28D90002A4CE /* InfoPlist.strings */,
			);
			name = "Supporting Files";
			sourceTree = "<group>";
		};
/* End PBXGroup section */

/* Begin PBXNativeTarget section */
		B68A5535190E28D90002A4CE /* CaddieMennecy */ = {
			isa = PBXNativeTarget;
			buildConfigurationList = B68A556E190E28D90002A4CE /* Build configuration list for PBXNativeTarget "CaddieMennecy" */;
			buildPhases = (
				B68A5532190E28D90002A4CE /* Sources */,
				B68A5533190E28D90002A4CE /* Frameworks */,
				B68A5534190E28D90002A4CE /* Resources */,
			);
			buildRules = (
			);
			dependencies = (
			);
			name = CaddieMennecy;
			productName = CaddieMennecy;
			productReference = B68A5536190E28D90002A4CE /* CaddieMennecy.app */;
			productType = "com.apple.product-type.application";
		};
		B68A555C190E28D90002A4CE /* CaddieMennecyTests */ = {
			isa = PBXNativeTarget;
			buildConfigurationList = B68A5571190E28D90002A4CE /* Build configuration list for PBXNativeTarget "CaddieMennecyTests" */;
			buildPhases = (
				B68A5559190E28D90002A4CE /* Sources */,
				B68A555A190E28D90002A4CE /* Frameworks */,
				B68A555B190E28D90002A4CE /* Resources */,
			);
			buildRules = (
			);
			dependencies = (
				B68A5563190E28D90002A4CE /* PBXTargetDependency */,
			);
			name = CaddieMennecyTests;
			productName = CaddieMennecyTests;
			productReference = B68A555D190E28D90002A4CE /* CaddieMennecyTests.xctest */;
			productType = "com.apple.product-type.bundle.unit-test";
		};
/* End PBXNativeTarget section */

/* Begin PBXProject section */
		B68A552E190E28D90002A4CE /* Project object */ = {
			isa = PBXProject;
			attributes = {
				CLASSPREFIX = EXT;
				LastUpgradeCheck = 0510;
				ORGANIZATIONNAME = "Frédéric Leroy";
				TargetAttributes = {
					B68A555C190E28D90002A4CE = {
						TestTargetID = B68A5535190E28D90002A4CE;
					};
				};
			};
			buildConfigurationList = B68A5531190E28D90002A4CE /* Build configuration list for PBXProject "CaddieMennecy" */;
			compatibilityVersion = "Xcode 3.2";
			developmentRegion = English;
			hasScannedForEncodings = 0;
			knownRegions = (
				en,
				Base,
			);
			mainGroup = B68A552D190E28D90002A4CE;
			productRefGroup = B68A5537190E28D90002A4CE /* Products */;
			projectDirPath = "";
			projectRoot = "";
			targets = (
				B68A5535190E28D90002A4CE /* CaddieMennecy */,
				B68A555C190E28D90002A4CE /* CaddieMennecyTests */,
			);
		};
/* End PBXProject section */

/* Begin PBXResourcesBuildPhase section */
		B68A5534190E28D90002A4CE /* Resources */ = {
			isa = PBXResourcesBuildPhase;
			buildActionMask = 2147483647;
			files = (
				B68A5558190E28D90002A4CE /* Images.xcassets in Resources */,
				B68A5544190E28D90002A4CE /* InfoPlist.strings in Resources */,
				B68A5556190E28D90002A4CE /* Main.storyboard in Resources */,
			);
			runOnlyForDeploymentPostprocessing = 0;
		};
		B68A555B190E28D90002A4CE /* Resources */ = {
			isa = PBXResourcesBuildPhase;
			buildActionMask = 2147483647;
			files = (
				B68A5569190E28D90002A4CE /* InfoPlist.strings in Resources */,
			);
			runOnlyForDeploymentPostprocessing = 0;
		};
/* End PBXResourcesBuildPhase section */

/* Begin PBXSourcesBuildPhase section */
		B68A5532190E28D90002A4CE /* Sources */ = {
			isa = PBXSourcesBuildPhase;
			buildActionMask = 2147483647;
			files = (
				B68A5550190E28D90002A4CE /* EXTDataViewController.m in Sources */,
				B68A554A190E28D90002A4CE /* EXTAppDelegate.m in Sources */,
				B68A5553190E28D90002A4CE /* EXTModelController.m in Sources */,
				B68A5546190E28D90002A4CE /* main.m in Sources */,
				B68A554D190E28D90002A4CE /* EXTRootViewController.m in Sources */,
			);
			runOnlyForDeploymentPostprocessing = 0;
		};
		B68A5559190E28D90002A4CE /* Sources */ = {
			isa = PBXSourcesBuildPhase;
			buildActionMask = 2147483647;
			files = (
				B68A556B190E28D90002A4CE /* CaddieMennecyTests.m in Sources */,
			);
			runOnlyForDeploymentPostprocessing = 0;
		};
/* End PBXSourcesBuildPhase section */

/* Begin PBXTargetDependency section */
		B68A5563190E28D90002A4CE /* PBXTargetDependency */ = {
			isa = PBXTargetDependency;
			target = B68A5535190E28D90002A4CE /* CaddieMennecy */;
			targetProxy = B68A5562190E28D90002A4CE /* PBXContainerItemProxy */;
		};
/* End PBXTargetDependency section */

/* Begin PBXVariantGroup section */
		B68A5542190E28D90002A4CE /* InfoPlist.strings */ = {
			isa = PBXVariantGroup;
			children = (
				B68A5543190E28D90002A4CE /* en */,
			);
			name = InfoPlist.strings;
			sourceTree = "<group>";
		};
		B68A5554190E28D90002A4CE /* Main.storyboard */ = {
			isa = PBXVariantGroup;
			children = (
				B68A5555190E28D90002A4CE /* Base */,
			);
			name = Main.storyboard;
			sourceTree = "<group>";
		};
		B68A5567190E28D90002A4CE /* InfoPlist.strings */ = {
			isa = PBXVariantGroup;
			children = (
				B68A5568190E28D90002A4CE /* en */,
			);
			name = InfoPlist.strings;
			sourceTree = "<group>";
		};
/* End PBXVariantGroup section */

/* Begin XCBuildConfiguration section */
		B68A556C190E28D90002A4CE /* Debug */ = {
			isa = XCBuildConfiguration;
			buildSettings = {
				ALWAYS_SEARCH_USER_PATHS = NO;
				CLANG_CXX_LANGUAGE_STANDARD = "gnu++0x";
				CLANG_CXX_LIBRARY = "libc++";
				CLANG_ENABLE_MODULES = YES;
				CLANG_ENABLE_OBJC_ARC = YES;
				CLANG_WARN_BOOL_CONVERSION = YES;
				CLANG_WARN_CONSTANT_CONVERSION = YES;
				CLANG_WARN_DIRECT_OBJC_ISA_USAGE = YES_ERROR;
				CLANG_WARN_EMPTY_BODY = YES;
				CLANG_WARN_ENUM_CONVERSION = YES;
				CLANG_WARN_INT_CONVERSION = YES;
				CLANG_WARN_OBJC_ROOT_CLASS = YES_ERROR;
				CLANG_WARN__DUPLICATE_METHOD_MATCH = YES;
				"CODE_SIGN_IDENTITY[sdk=iphoneos*]" = "iPhone Developer";
				COPY_PHASE_STRIP = NO;
				GCC_C_LANGUAGE_STANDARD = gnu99;
				GCC_DYNAMIC_NO_PIC = NO;
				GCC_OPTIMIZATION_LEVEL = 0;
				GCC_PREPROCESSOR_DEFINITIONS = (
					"DEBUG=1",
					"$(inherited)",
				);
				GCC_SYMBOLS_PRIVATE_EXTERN = NO;
				GCC_WARN_64_TO_32_BIT_CONVERSION = YES;
				GCC_WARN_ABOUT_RETURN_TYPE = YES_ERROR;
				GCC_WARN_UNDECLARED_SELECTOR = YES;
				GCC_WARN_UNINITIALIZED_AUTOS = YES_AGGRESSIVE;
				GCC_WARN_UNUSED_FUNCTION = YES;
				GCC_WARN_UNUSED_VARIABLE = YES;
				IPHONEOS_DEPLOYMENT_TARGET = 7.1;
				ONLY_ACTIVE_ARCH = YES;
				SDKROOT = iphoneos;
			};
			name = Debug;
		};
		B68A556D190E28D90002A4CE /* Release */ = {
			isa = XCBuildConfiguration;
			buildSettings = {
				ALWAYS_SEARCH_USER_PATHS = NO;
				CLANG_CXX_LANGUAGE_STANDARD = "gnu++0x";
				CLANG_CXX_LIBRARY = "libc++";
				CLANG_ENABLE_MODULES = YES;
				CLANG_ENABLE_OBJC_ARC = YES;
				CLANG_WARN_BOOL_CONVERSION = YES;
				CLANG_WARN_CONSTANT_CONVERSION = YES;
				CLANG_WARN_DIRECT_OBJC_ISA_USAGE = YES_ERROR;
				CLANG_WARN_EMPTY_BODY = YES;
				CLANG_WARN_ENUM_CONVERSION = YES;
				CLANG_WARN_INT_CONVERSION = YES;
				CLANG_WARN_OBJC_ROOT_CLASS = YES_ERROR;
				CLANG_WARN__DUPLICATE_METHOD_MATCH = YES;
				"CODE_SIGN_IDENTITY[sdk=iphoneos*]" = "iPhone Developer";
				COPY_PHASE_STRIP = YES;
				ENABLE_NS_ASSERTIONS = NO;
				GCC_C_LANGUAGE_STANDARD = gnu99;
				GCC_WARN_64_TO_32_BIT_CONVERSION = YES;
				GCC_WARN_ABOUT_RETURN_TYPE = YES_ERROR;
				GCC_WARN_UNDECLARED_SELECTOR = YES;
				GCC_WARN_UNINITIALIZED_AUTOS = YES_AGGRESSIVE;
				GCC_WARN_UNUSED_FUNCTION = YES;
				GCC_WARN_UNUSED_VARIABLE = YES;
				IPHONEOS_DEPLOYMENT_TARGET = 7.1;
				SDKROOT = iphoneos;
				VALIDATE_PRODUCT = YES;
			};
			name = Release;
		};
		B68A556F190E28D90002A4CE /* Debug */ = {
			isa = XCBuildConfiguration;
			buildSettings = {
				ASSETCATALOG_COMPILER_APPICON_NAME = AppIcon;
				ASSETCATALOG_COMPILER_LAUNCHIMAGE_NAME = LaunchImage;
				GCC_PRECOMPILE_PREFIX_HEADER = YES;
				GCC_PREFIX_HEADER = "CaddieMennecy/CaddieMennecy-Prefix.pch";
				INFOPLIST_FILE = "CaddieMennecy/CaddieMennecy-Info.plist";
				PRODUCT_NAME = "$(TARGET_NAME)";
				WRAPPER_EXTENSION = app;
			};
			name = Debug;
		};
		B68A5570190E28D90002A4CE /* Release */ = {
			isa = XCBuildConfiguration;
			buildSettings = {
				ASSETCATALOG_COMPILER_APPICON_NAME = AppIcon;
				ASSETCATALOG_COMPILER_LAUNCHIMAGE_NAME = LaunchImage;
				GCC_PRECOMPILE_PREFIX_HEADER = YES;
				GCC_PREFIX_HEADER = "CaddieMennecy/CaddieMennecy-Prefix.pch";
				INFOPLIST_FILE = "CaddieMennecy/CaddieMennecy-Info.plist";
				PRODUCT_NAME = "$(TARGET_NAME)";
				WRAPPER_EXTENSION = app;
			};
			name = Release;
		};
		B68A5572190E28D90002A4CE /* Debug */ = {
			isa = XCBuildConfiguration;
			buildSettings = {
				BUNDLE_LOADER = "$(BUILT_PRODUCTS_DIR)/CaddieMennecy.app/CaddieMennecy";
				FRAMEWORK_SEARCH_PATHS = (
					"$(SDKROOT)/Developer/Library/Frameworks",
					"$(inherited)",
					"$(DEVELOPER_FRAMEWORKS_DIR)",
				);
				GCC_PRECOMPILE_PREFIX_HEADER = YES;
				GCC_PREFIX_HEADER = "CaddieMennecy/CaddieMennecy-Prefix.pch";
				GCC_PREPROCESSOR_DEFINITIONS = (
					"DEBUG=1",
					"$(inherited)",
				);
				INFOPLIST_FILE = "CaddieMennecyTests/CaddieMennecyTests-Info.plist";
				PRODUCT_NAME = "$(TARGET_NAME)";
				TEST_HOST = "$(BUNDLE_LOADER)";
				WRAPPER_EXTENSION = xctest;
			};
			name = Debug;
		};
		B68A5573190E28D90002A4CE /* Release */ = {
			isa = XCBuildConfiguration;
			buildSettings = {
				BUNDLE_LOADER = "$(BUILT_PRODUCTS_DIR)/CaddieMennecy.app/CaddieMennecy";
				FRAMEWORK_SEARCH_PATHS = (
					"$(SDKROOT)/Developer/Library/Frameworks",
					"$(inherited)",
					"$(DEVELOPER_FRAMEWORKS_DIR)",
				);
				GCC_PRECOMPILE_PREFIX_HEADER = YES;
				GCC_PREFIX_HEADER = "CaddieMennecy/CaddieMennecy-Prefix.pch";
				INFOPLIST_FILE = "CaddieMennecyTests/CaddieMennecyTests-Info.plist";
				PRODUCT_NAME = "$(TARGET_NAME)";
				TEST_HOST = "$(BUNDLE_LOADER)";
				WRAPPER_EXTENSION = xctest;
			};
			name = Release;
		};
/* End XCBuildConfiguration section */

/* Begin XCConfigurationList section */
		B68A5531190E28D90002A4CE /* Build configuration list for PBXProject "CaddieMennecy" */ = {
			isa = XCConfigurationList;
			buildConfigurations = (
				B68A556C190E28D90002A4CE /* Debug */,
				B68A556D190E28D90002A4CE /* Release */,
			);
			defaultConfigurationIsVisible = 0;
			defaultConfigurationName = Release;
		};
		B68A556E190E28D90002A4CE /* Build configuration list for PBXNativeTarget "CaddieMennecy" */ = {
			isa = XCConfigurationList;
			buildConfigurations = (
				B68A556F190E28D90002A4CE /* Debug */,
				B68A5570190E28D90002A4CE /* Release */,
			);
			defaultConfigurationIsVisible = 0;
		};
		B68A5571190E28D90002A4CE /* Build configuration list for PBXNativeTarget "CaddieMennecyTests" */ = {
			isa = XCConfigurationList;
			buildConfigurations = (
				B68A5572190E28D90002A4CE /* Debug */,
				B68A5573190E28D90002A4CE /* Release */,
			);
			defaultConfigurationIsVisible = 0;
		};
/* End XCConfigurationList section */
	};
	rootObject = B68A552E190E28D90002A4CE /* Project object */;
}
